// !$*UTF8*$!
{
	archiveVersion = 1;
	classes = {
	};
	objectVersion = 50;
	objects = {

/* Begin PBXBuildFile section */
		18CCFF35EAEB47EEF2F23B82 /* Pods_todoUITests.framework in Frameworks */ = {isa = PBXBuildFile; fileRef = CA21984CE4FB2C586D244A78 /* Pods_todoUITests.framework */; };
		57F0DC49BAFC6A788A97BE5F /* Pods_todo.framework in Frameworks */ = {isa = PBXBuildFile; fileRef = 6FF5102574DCC446163745A0 /* Pods_todo.framework */; };
		6F16A47D6D355DE26367CD2B /* Pods_todoTests.framework in Frameworks */ = {isa = PBXBuildFile; fileRef = 2B95DADE022F9A5EE91B6CA9 /* Pods_todoTests.framework */; };
		843668A923E99C9800618B96 /* crumpled paper.wav in Resources */ = {isa = PBXBuildFile; fileRef = 843668A823E99C9800618B96 /* crumpled paper.wav */; };
		8440038223F12F3F00B909CC /* TagsProvider.swift in Sources */ = {isa = PBXBuildFile; fileRef = 8440038123F12F3F00B909CC /* TagsProvider.swift */; };
		8440038623F1370300B909CC /* String.swift in Sources */ = {isa = PBXBuildFile; fileRef = 8440038523F1370300B909CC /* String.swift */; };
		84787C3223E348B900D7C9DF /* Note+CoreDataClass.swift in Sources */ = {isa = PBXBuildFile; fileRef = 84787C3023E348B800D7C9DF /* Note+CoreDataClass.swift */; };
		847B286223E180F500F334E8 /* CustomViewController.swift in Sources */ = {isa = PBXBuildFile; fileRef = 847B286123E180F500F334E8 /* CustomViewController.swift */; };
		847B286623E1855900F334E8 /* UIColor.swift in Sources */ = {isa = PBXBuildFile; fileRef = 847B286523E1855900F334E8 /* UIColor.swift */; };
		847B286823E189A900F334E8 /* NoteViewController.swift in Sources */ = {isa = PBXBuildFile; fileRef = 847B286723E189A900F334E8 /* NoteViewController.swift */; };
		8488C39623F3E31800C13882 /* TagTableCell.swift in Sources */ = {isa = PBXBuildFile; fileRef = 8488C39523F3E31800C13882 /* TagTableCell.swift */; };
		8493913B23F4049F001BB07A /* TagsTableView.swift in Sources */ = {isa = PBXBuildFile; fileRef = 8493913A23F4049F001BB07A /* TagsTableView.swift */; };
		84A5514723E02EF000E0CC1E /* AppDelegate.swift in Sources */ = {isa = PBXBuildFile; fileRef = 84A5514623E02EF000E0CC1E /* AppDelegate.swift */; };
		84A5514923E02EF000E0CC1E /* SceneDelegate.swift in Sources */ = {isa = PBXBuildFile; fileRef = 84A5514823E02EF000E0CC1E /* SceneDelegate.swift */; };
		84A5514E23E02EF000E0CC1E /* Main.storyboard in Resources */ = {isa = PBXBuildFile; fileRef = 84A5514C23E02EF000E0CC1E /* Main.storyboard */; };
		84A5515623E02EF100E0CC1E /* LaunchScreen.storyboard in Resources */ = {isa = PBXBuildFile; fileRef = 84A5515423E02EF100E0CC1E /* LaunchScreen.storyboard */; };
		84A5516123E02EF100E0CC1E /* todoTests.swift in Sources */ = {isa = PBXBuildFile; fileRef = 84A5516023E02EF100E0CC1E /* todoTests.swift */; };
		84A5516C23E02EF100E0CC1E /* todoUITests.swift in Sources */ = {isa = PBXBuildFile; fileRef = 84A5516B23E02EF100E0CC1E /* todoUITests.swift */; };
		84A5517F23E0473100E0CC1E /* NoteView.swift in Sources */ = {isa = PBXBuildFile; fileRef = 84A5517E23E0473100E0CC1E /* NoteView.swift */; };
		84A5518123E047DD00E0CC1E /* NoteTextView.swift in Sources */ = {isa = PBXBuildFile; fileRef = 84A5518023E047DD00E0CC1E /* NoteTextView.swift */; };
		84AF8B2323E40C2F0019A4DB /* CoreDataStack.swift in Sources */ = {isa = PBXBuildFile; fileRef = 84AF8B2223E40C2F0019A4DB /* CoreDataStack.swift */; };
		84BBE3A623F53B8000BD4F9B /* SelectedTagsTableController.swift in Sources */ = {isa = PBXBuildFile; fileRef = 84BBE3A523F53B8000BD4F9B /* SelectedTagsTableController.swift */; };
		84BBE3A823F5445900BD4F9B /* TagsTableController.swift in Sources */ = {isa = PBXBuildFile; fileRef = 84BBE3A723F5445900BD4F9B /* TagsTableController.swift */; };
		84BBE3AA23F552EC00BD4F9B /* SelectedTagsTableView.swift in Sources */ = {isa = PBXBuildFile; fileRef = 84BBE3A923F552EC00BD4F9B /* SelectedTagsTableView.swift */; };
		84BBE3AC23F559AA00BD4F9B /* SelectedTagsPanel.storyboard in Resources */ = {isa = PBXBuildFile; fileRef = 84BBE3AB23F559AA00BD4F9B /* SelectedTagsPanel.storyboard */; };
		84BC01C023E1BC2D00ABA161 /* ReusableView.swift in Sources */ = {isa = PBXBuildFile; fileRef = 84BC01BF23E1BC2D00ABA161 /* ReusableView.swift */; };
		84BC01C223E1BC7400ABA161 /* ReusableView ext.swift in Sources */ = {isa = PBXBuildFile; fileRef = 84BC01C123E1BC7400ABA161 /* ReusableView ext.swift */; };
		84BC01C423E1BC9500ABA161 /* UICollectionView+ReusableView.swift in Sources */ = {isa = PBXBuildFile; fileRef = 84BC01C323E1BC9500ABA161 /* UICollectionView+ReusableView.swift */; };
		84BC01C623E1BCE400ABA161 /* UITableView+ReusableView.swift in Sources */ = {isa = PBXBuildFile; fileRef = 84BC01C523E1BCE400ABA161 /* UITableView+ReusableView.swift */; };
		84BC01C823E1BF0600ABA161 /* NoteCell.swift in Sources */ = {isa = PBXBuildFile; fileRef = 84BC01C723E1BF0600ABA161 /* NoteCell.swift */; };
		84BC01CA23E1CA0600ABA161 /* NotesTableController.swift in Sources */ = {isa = PBXBuildFile; fileRef = 84BC01C923E1CA0600ABA161 /* NotesTableController.swift */; };
		84C6DC5F23F0558F0092DF4B /* TagCellSettings.swift in Sources */ = {isa = PBXBuildFile; fileRef = 84C6DC5E23F0558F0092DF4B /* TagCellSettings.swift */; };
		84C6DC6123F059C40092DF4B /* TagsLayout.swift in Sources */ = {isa = PBXBuildFile; fileRef = 84C6DC6023F059C40092DF4B /* TagsLayout.swift */; };
		84C6DC6323F059F70092DF4B /* TagsCollectionView.swift in Sources */ = {isa = PBXBuildFile; fileRef = 84C6DC6223F059F70092DF4B /* TagsCollectionView.swift */; };
		84C6DC6523F05BBB0092DF4B /* TagCell.swift in Sources */ = {isa = PBXBuildFile; fileRef = 84C6DC6423F05BBB0092DF4B /* TagCell.swift */; };
		84CC242223EC735B00C0E4DA /* todo.xcdatamodeld in Sources */ = {isa = PBXBuildFile; fileRef = 84CC242023EC735A00C0E4DA /* todo.xcdatamodeld */; };
		84CC242623EC73F200C0E4DA /* GradientBackgroud+CoreDataProperties.swift in Sources */ = {isa = PBXBuildFile; fileRef = 84CC242423EC73F200C0E4DA /* GradientBackgroud+CoreDataProperties.swift */; };
		84EB09AE23E06E430016CC2B /* Assets.xcassets in Resources */ = {isa = PBXBuildFile; fileRef = 84EB09AD23E06E430016CC2B /* Assets.xcassets */; };
		84F2435823EC066700B4438C /* Icon+CoreDataClass.swift in Sources */ = {isa = PBXBuildFile; fileRef = 84F2434D23EC066600B4438C /* Icon+CoreDataClass.swift */; };
		84F2435923EC066700B4438C /* Icon+CoreDataProperties.swift in Sources */ = {isa = PBXBuildFile; fileRef = 84F2434E23EC066600B4438C /* Icon+CoreDataProperties.swift */; };
		84F2435A23EC066700B4438C /* NoteBackgroud+CoreDataClass.swift in Sources */ = {isa = PBXBuildFile; fileRef = 84F2434F23EC066600B4438C /* NoteBackgroud+CoreDataClass.swift */; };
		84F2435B23EC066700B4438C /* NoteBackgroud+CoreDataProperties.swift in Sources */ = {isa = PBXBuildFile; fileRef = 84F2435023EC066600B4438C /* NoteBackgroud+CoreDataProperties.swift */; };
		84F2435C23EC066700B4438C /* Tag+CoreDataClass.swift in Sources */ = {isa = PBXBuildFile; fileRef = 84F2435123EC066700B4438C /* Tag+CoreDataClass.swift */; };
		84F2435D23EC066700B4438C /* Tag+CoreDataProperties.swift in Sources */ = {isa = PBXBuildFile; fileRef = 84F2435223EC066700B4438C /* Tag+CoreDataProperties.swift */; };
		84F2435E23EC066700B4438C /* GradientBackgroud+CoreDataClass.swift in Sources */ = {isa = PBXBuildFile; fileRef = 84F2435323EC066700B4438C /* GradientBackgroud+CoreDataClass.swift */; };
		84F523CD23EC08600074AB3C /* Note+CoreDataProperties.swift in Sources */ = {isa = PBXBuildFile; fileRef = 84F523CC23EC08600074AB3C /* Note+CoreDataProperties.swift */; };
		84F523CF23EC0FFB0074AB3C /* RandomNoteGenerator.swift in Sources */ = {isa = PBXBuildFile; fileRef = 84F523CE23EC0FFB0074AB3C /* RandomNoteGenerator.swift */; };
/* End PBXBuildFile section */

/* Begin PBXContainerItemProxy section */
		84A5515D23E02EF100E0CC1E /* PBXContainerItemProxy */ = {
			isa = PBXContainerItemProxy;
			containerPortal = 84A5513B23E02EF000E0CC1E /* Project object */;
			proxyType = 1;
			remoteGlobalIDString = 84A5514223E02EF000E0CC1E;
			remoteInfo = todo;
		};
		84A5516823E02EF100E0CC1E /* PBXContainerItemProxy */ = {
			isa = PBXContainerItemProxy;
			containerPortal = 84A5513B23E02EF000E0CC1E /* Project object */;
			proxyType = 1;
			remoteGlobalIDString = 84A5514223E02EF000E0CC1E;
			remoteInfo = todo;
		};
/* End PBXContainerItemProxy section */

/* Begin PBXFileReference section */
		264900A6C735A367DF80B8A7 /* Pods-todoTests.release.xcconfig */ = {isa = PBXFileReference; includeInIndex = 1; lastKnownFileType = text.xcconfig; name = "Pods-todoTests.release.xcconfig"; path = "Pods/Target Support Files/Pods-todoTests/Pods-todoTests.release.xcconfig"; sourceTree = "<group>"; };
		2B95DADE022F9A5EE91B6CA9 /* Pods_todoTests.framework */ = {isa = PBXFileReference; explicitFileType = wrapper.framework; includeInIndex = 0; path = Pods_todoTests.framework; sourceTree = BUILT_PRODUCTS_DIR; };
		4BF0081C562FE9057E84B385 /* Pods-todoTests.debug.xcconfig */ = {isa = PBXFileReference; includeInIndex = 1; lastKnownFileType = text.xcconfig; name = "Pods-todoTests.debug.xcconfig"; path = "Pods/Target Support Files/Pods-todoTests/Pods-todoTests.debug.xcconfig"; sourceTree = "<group>"; };
		6FF5102574DCC446163745A0 /* Pods_todo.framework */ = {isa = PBXFileReference; explicitFileType = wrapper.framework; includeInIndex = 0; path = Pods_todo.framework; sourceTree = BUILT_PRODUCTS_DIR; };
		843668A823E99C9800618B96 /* crumpled paper.wav */ = {isa = PBXFileReference; lastKnownFileType = audio.wav; path = "crumpled paper.wav"; sourceTree = "<group>"; };
		8440038123F12F3F00B909CC /* TagsProvider.swift */ = {isa = PBXFileReference; lastKnownFileType = sourcecode.swift; path = TagsProvider.swift; sourceTree = "<group>"; };
		8440038523F1370300B909CC /* String.swift */ = {isa = PBXFileReference; lastKnownFileType = sourcecode.swift; path = String.swift; sourceTree = "<group>"; };
		84787C3023E348B800D7C9DF /* Note+CoreDataClass.swift */ = {isa = PBXFileReference; lastKnownFileType = sourcecode.swift; path = "Note+CoreDataClass.swift"; sourceTree = "<group>"; };
		847B286123E180F500F334E8 /* CustomViewController.swift */ = {isa = PBXFileReference; lastKnownFileType = sourcecode.swift; path = CustomViewController.swift; sourceTree = "<group>"; };
		847B286523E1855900F334E8 /* UIColor.swift */ = {isa = PBXFileReference; lastKnownFileType = sourcecode.swift; path = UIColor.swift; sourceTree = "<group>"; };
		847B286723E189A900F334E8 /* NoteViewController.swift */ = {isa = PBXFileReference; lastKnownFileType = sourcecode.swift; path = NoteViewController.swift; sourceTree = "<group>"; };
		8488C39523F3E31800C13882 /* TagTableCell.swift */ = {isa = PBXFileReference; lastKnownFileType = sourcecode.swift; path = TagTableCell.swift; sourceTree = "<group>"; };
		8493913A23F4049F001BB07A /* TagsTableView.swift */ = {isa = PBXFileReference; lastKnownFileType = sourcecode.swift; path = TagsTableView.swift; sourceTree = "<group>"; };
		84A5514323E02EF000E0CC1E /* todo.app */ = {isa = PBXFileReference; explicitFileType = wrapper.application; includeInIndex = 0; path = todo.app; sourceTree = BUILT_PRODUCTS_DIR; };
		84A5514623E02EF000E0CC1E /* AppDelegate.swift */ = {isa = PBXFileReference; lastKnownFileType = sourcecode.swift; path = AppDelegate.swift; sourceTree = "<group>"; };
		84A5514823E02EF000E0CC1E /* SceneDelegate.swift */ = {isa = PBXFileReference; lastKnownFileType = sourcecode.swift; path = SceneDelegate.swift; sourceTree = "<group>"; };
		84A5514D23E02EF000E0CC1E /* Base */ = {isa = PBXFileReference; lastKnownFileType = file.storyboard; name = Base; path = Base.lproj/Main.storyboard; sourceTree = "<group>"; };
		84A5515523E02EF100E0CC1E /* Base */ = {isa = PBXFileReference; lastKnownFileType = file.storyboard; name = Base; path = Base.lproj/LaunchScreen.storyboard; sourceTree = "<group>"; };
		84A5515723E02EF100E0CC1E /* Info.plist */ = {isa = PBXFileReference; lastKnownFileType = text.plist.xml; path = Info.plist; sourceTree = "<group>"; };
		84A5515C23E02EF100E0CC1E /* todoTests.xctest */ = {isa = PBXFileReference; explicitFileType = wrapper.cfbundle; includeInIndex = 0; path = todoTests.xctest; sourceTree = BUILT_PRODUCTS_DIR; };
		84A5516023E02EF100E0CC1E /* todoTests.swift */ = {isa = PBXFileReference; lastKnownFileType = sourcecode.swift; path = todoTests.swift; sourceTree = "<group>"; };
		84A5516223E02EF100E0CC1E /* Info.plist */ = {isa = PBXFileReference; lastKnownFileType = text.plist.xml; path = Info.plist; sourceTree = "<group>"; };
		84A5516723E02EF100E0CC1E /* todoUITests.xctest */ = {isa = PBXFileReference; explicitFileType = wrapper.cfbundle; includeInIndex = 0; path = todoUITests.xctest; sourceTree = BUILT_PRODUCTS_DIR; };
		84A5516B23E02EF100E0CC1E /* todoUITests.swift */ = {isa = PBXFileReference; lastKnownFileType = sourcecode.swift; path = todoUITests.swift; sourceTree = "<group>"; };
		84A5516D23E02EF100E0CC1E /* Info.plist */ = {isa = PBXFileReference; lastKnownFileType = text.plist.xml; path = Info.plist; sourceTree = "<group>"; };
		84A5517E23E0473100E0CC1E /* NoteView.swift */ = {isa = PBXFileReference; lastKnownFileType = sourcecode.swift; path = NoteView.swift; sourceTree = "<group>"; };
		84A5518023E047DD00E0CC1E /* NoteTextView.swift */ = {isa = PBXFileReference; lastKnownFileType = sourcecode.swift; path = NoteTextView.swift; sourceTree = "<group>"; };
		84AF8B2223E40C2F0019A4DB /* CoreDataStack.swift */ = {isa = PBXFileReference; lastKnownFileType = sourcecode.swift; path = CoreDataStack.swift; sourceTree = "<group>"; };
		84BBE3A523F53B8000BD4F9B /* SelectedTagsTableController.swift */ = {isa = PBXFileReference; lastKnownFileType = sourcecode.swift; path = SelectedTagsTableController.swift; sourceTree = "<group>"; };
		84BBE3A723F5445900BD4F9B /* TagsTableController.swift */ = {isa = PBXFileReference; fileEncoding = 4; lastKnownFileType = sourcecode.swift; path = TagsTableController.swift; sourceTree = "<group>"; };
		84BBE3A923F552EC00BD4F9B /* SelectedTagsTableView.swift */ = {isa = PBXFileReference; lastKnownFileType = sourcecode.swift; path = SelectedTagsTableView.swift; sourceTree = "<group>"; };
		84BBE3AB23F559AA00BD4F9B /* SelectedTagsPanel.storyboard */ = {isa = PBXFileReference; lastKnownFileType = file.storyboard; path = SelectedTagsPanel.storyboard; sourceTree = "<group>"; };
		84BC01BF23E1BC2D00ABA161 /* ReusableView.swift */ = {isa = PBXFileReference; lastKnownFileType = sourcecode.swift; path = ReusableView.swift; sourceTree = "<group>"; };
		84BC01C123E1BC7400ABA161 /* ReusableView ext.swift */ = {isa = PBXFileReference; lastKnownFileType = sourcecode.swift; path = "ReusableView ext.swift"; sourceTree = "<group>"; };
		84BC01C323E1BC9500ABA161 /* UICollectionView+ReusableView.swift */ = {isa = PBXFileReference; lastKnownFileType = sourcecode.swift; path = "UICollectionView+ReusableView.swift"; sourceTree = "<group>"; };
		84BC01C523E1BCE400ABA161 /* UITableView+ReusableView.swift */ = {isa = PBXFileReference; lastKnownFileType = sourcecode.swift; path = "UITableView+ReusableView.swift"; sourceTree = "<group>"; };
		84BC01C723E1BF0600ABA161 /* NoteCell.swift */ = {isa = PBXFileReference; lastKnownFileType = sourcecode.swift; path = NoteCell.swift; sourceTree = "<group>"; };
		84BC01C923E1CA0600ABA161 /* NotesTableController.swift */ = {isa = PBXFileReference; lastKnownFileType = sourcecode.swift; path = NotesTableController.swift; sourceTree = "<group>"; };
		84C6DC5E23F0558F0092DF4B /* TagCellSettings.swift */ = {isa = PBXFileReference; lastKnownFileType = sourcecode.swift; path = TagCellSettings.swift; sourceTree = "<group>"; };
		84C6DC6023F059C40092DF4B /* TagsLayout.swift */ = {isa = PBXFileReference; lastKnownFileType = sourcecode.swift; path = TagsLayout.swift; sourceTree = "<group>"; };
		84C6DC6223F059F70092DF4B /* TagsCollectionView.swift */ = {isa = PBXFileReference; lastKnownFileType = sourcecode.swift; path = TagsCollectionView.swift; sourceTree = "<group>"; };
		84C6DC6423F05BBB0092DF4B /* TagCell.swift */ = {isa = PBXFileReference; lastKnownFileType = sourcecode.swift; path = TagCell.swift; sourceTree = "<group>"; };
		84CC242123EC735A00C0E4DA /* todo.xcdatamodel */ = {isa = PBXFileReference; lastKnownFileType = wrapper.xcdatamodel; path = todo.xcdatamodel; sourceTree = "<group>"; };
		84CC242423EC73F200C0E4DA /* GradientBackgroud+CoreDataProperties.swift */ = {isa = PBXFileReference; lastKnownFileType = sourcecode.swift; path = "GradientBackgroud+CoreDataProperties.swift"; sourceTree = "<group>"; };
		84EB09AD23E06E430016CC2B /* Assets.xcassets */ = {isa = PBXFileReference; lastKnownFileType = folder.assetcatalog; path = Assets.xcassets; sourceTree = "<group>"; };
		84F2434D23EC066600B4438C /* Icon+CoreDataClass.swift */ = {isa = PBXFileReference; lastKnownFileType = sourcecode.swift; path = "Icon+CoreDataClass.swift"; sourceTree = "<group>"; };
		84F2434E23EC066600B4438C /* Icon+CoreDataProperties.swift */ = {isa = PBXFileReference; lastKnownFileType = sourcecode.swift; path = "Icon+CoreDataProperties.swift"; sourceTree = "<group>"; };
		84F2434F23EC066600B4438C /* NoteBackgroud+CoreDataClass.swift */ = {isa = PBXFileReference; lastKnownFileType = sourcecode.swift; path = "NoteBackgroud+CoreDataClass.swift"; sourceTree = "<group>"; };
		84F2435023EC066600B4438C /* NoteBackgroud+CoreDataProperties.swift */ = {isa = PBXFileReference; lastKnownFileType = sourcecode.swift; path = "NoteBackgroud+CoreDataProperties.swift"; sourceTree = "<group>"; };
		84F2435123EC066700B4438C /* Tag+CoreDataClass.swift */ = {isa = PBXFileReference; lastKnownFileType = sourcecode.swift; path = "Tag+CoreDataClass.swift"; sourceTree = "<group>"; };
		84F2435223EC066700B4438C /* Tag+CoreDataProperties.swift */ = {isa = PBXFileReference; lastKnownFileType = sourcecode.swift; path = "Tag+CoreDataProperties.swift"; sourceTree = "<group>"; };
		84F2435323EC066700B4438C /* GradientBackgroud+CoreDataClass.swift */ = {isa = PBXFileReference; lastKnownFileType = sourcecode.swift; path = "GradientBackgroud+CoreDataClass.swift"; sourceTree = "<group>"; };
		84F523CC23EC08600074AB3C /* Note+CoreDataProperties.swift */ = {isa = PBXFileReference; lastKnownFileType = sourcecode.swift; path = "Note+CoreDataProperties.swift"; sourceTree = "<group>"; };
		84F523CE23EC0FFB0074AB3C /* RandomNoteGenerator.swift */ = {isa = PBXFileReference; lastKnownFileType = sourcecode.swift; path = RandomNoteGenerator.swift; sourceTree = "<group>"; };
		9849AD89753C19B3D954A84E /* Pods-todo.release.xcconfig */ = {isa = PBXFileReference; includeInIndex = 1; lastKnownFileType = text.xcconfig; name = "Pods-todo.release.xcconfig"; path = "Pods/Target Support Files/Pods-todo/Pods-todo.release.xcconfig"; sourceTree = "<group>"; };
		A7CE3AD98154E1F47F665AD3 /* Pods-todo.debug.xcconfig */ = {isa = PBXFileReference; includeInIndex = 1; lastKnownFileType = text.xcconfig; name = "Pods-todo.debug.xcconfig"; path = "Pods/Target Support Files/Pods-todo/Pods-todo.debug.xcconfig"; sourceTree = "<group>"; };
		CA21984CE4FB2C586D244A78 /* Pods_todoUITests.framework */ = {isa = PBXFileReference; explicitFileType = wrapper.framework; includeInIndex = 0; path = Pods_todoUITests.framework; sourceTree = BUILT_PRODUCTS_DIR; };
		E68DDCAB04B8EA5415ED8BCF /* Pods-todoUITests.release.xcconfig */ = {isa = PBXFileReference; includeInIndex = 1; lastKnownFileType = text.xcconfig; name = "Pods-todoUITests.release.xcconfig"; path = "Pods/Target Support Files/Pods-todoUITests/Pods-todoUITests.release.xcconfig"; sourceTree = "<group>"; };
		F89B3A63B45FBE278AAEC2C6 /* Pods-todoUITests.debug.xcconfig */ = {isa = PBXFileReference; includeInIndex = 1; lastKnownFileType = text.xcconfig; name = "Pods-todoUITests.debug.xcconfig"; path = "Pods/Target Support Files/Pods-todoUITests/Pods-todoUITests.debug.xcconfig"; sourceTree = "<group>"; };
/* End PBXFileReference section */

/* Begin PBXFrameworksBuildPhase section */
		84A5514023E02EF000E0CC1E /* Frameworks */ = {
			isa = PBXFrameworksBuildPhase;
			buildActionMask = 2147483647;
			files = (
				57F0DC49BAFC6A788A97BE5F /* Pods_todo.framework in Frameworks */,
			);
			runOnlyForDeploymentPostprocessing = 0;
		};
		84A5515923E02EF100E0CC1E /* Frameworks */ = {
			isa = PBXFrameworksBuildPhase;
			buildActionMask = 2147483647;
			files = (
				6F16A47D6D355DE26367CD2B /* Pods_todoTests.framework in Frameworks */,
			);
			runOnlyForDeploymentPostprocessing = 0;
		};
		84A5516423E02EF100E0CC1E /* Frameworks */ = {
			isa = PBXFrameworksBuildPhase;
			buildActionMask = 2147483647;
			files = (
				18CCFF35EAEB47EEF2F23B82 /* Pods_todoUITests.framework in Frameworks */,
			);
			runOnlyForDeploymentPostprocessing = 0;
		};
/* End PBXFrameworksBuildPhase section */

/* Begin PBXGroup section */
		0B328E641144EBB11850536C /* Frameworks */ = {
			isa = PBXGroup;
			children = (
				6FF5102574DCC446163745A0 /* Pods_todo.framework */,
				2B95DADE022F9A5EE91B6CA9 /* Pods_todoTests.framework */,
				CA21984CE4FB2C586D244A78 /* Pods_todoUITests.framework */,
			);
			name = Frameworks;
			sourceTree = "<group>";
		};
		5154965E977E865C12C8E222 /* Pods */ = {
			isa = PBXGroup;
			children = (
				A7CE3AD98154E1F47F665AD3 /* Pods-todo.debug.xcconfig */,
				9849AD89753C19B3D954A84E /* Pods-todo.release.xcconfig */,
				4BF0081C562FE9057E84B385 /* Pods-todoTests.debug.xcconfig */,
				264900A6C735A367DF80B8A7 /* Pods-todoTests.release.xcconfig */,
				F89B3A63B45FBE278AAEC2C6 /* Pods-todoUITests.debug.xcconfig */,
				E68DDCAB04B8EA5415ED8BCF /* Pods-todoUITests.release.xcconfig */,
			);
			name = Pods;
			sourceTree = "<group>";
		};
		843668A723E99C5600618B96 /* Sound Files */ = {
			isa = PBXGroup;
			children = (
				843668A823E99C9800618B96 /* crumpled paper.wav */,
			);
			path = "Sound Files";
			sourceTree = "<group>";
		};
		84787C3523E349F500D7C9DF /* Model */ = {
			isa = PBXGroup;
			children = (
				84F523CE23EC0FFB0074AB3C /* RandomNoteGenerator.swift */,
			);
			path = Model;
			sourceTree = "<group>";
		};
		847B285D23E17FBE00F334E8 /* Controller */ = {
			isa = PBXGroup;
			children = (
				847B286723E189A900F334E8 /* NoteViewController.swift */,
			);
			path = Controller;
			sourceTree = "<group>";
		};
		847B285E23E1801A00F334E8 /* Helpers */ = {
			isa = PBXGroup;
			children = (
				84BC01BE23E1BC1900ABA161 /* Protocols */,
				847B286423E184AE00F334E8 /* Generics */,
				847B286323E1822800F334E8 /* Extensions */,
			);
			path = Helpers;
			sourceTree = "<group>";
		};
		847B286323E1822800F334E8 /* Extensions */ = {
			isa = PBXGroup;
			children = (
				847B286523E1855900F334E8 /* UIColor.swift */,
				8440038523F1370300B909CC /* String.swift */,
				84BC01C123E1BC7400ABA161 /* ReusableView ext.swift */,
				84BC01C323E1BC9500ABA161 /* UICollectionView+ReusableView.swift */,
				84BC01C523E1BCE400ABA161 /* UITableView+ReusableView.swift */,
			);
			path = Extensions;
			sourceTree = "<group>";
		};
		847B286423E184AE00F334E8 /* Generics */ = {
			isa = PBXGroup;
			children = (
				847B286123E180F500F334E8 /* CustomViewController.swift */,
			);
			path = Generics;
			sourceTree = "<group>";
		};
		8488C38D23F3C9D900C13882 /* Tags table */ = {
			isa = PBXGroup;
			children = (
				8488C39223F3CA3700C13882 /* View */,
				8488C39123F3CA3100C13882 /* Controller */,
			);
			path = "Tags table";
			sourceTree = "<group>";
		};
		8488C38E23F3C9F800C13882 /* Tag */ = {
			isa = PBXGroup;
			children = (
				8488C38F23F3CA0100C13882 /* View */,
				8488C39023F3CA0E00C13882 /* Controller */,
			);
			path = Tag;
			sourceTree = "<group>";
		};
		8488C38F23F3CA0100C13882 /* View */ = {
			isa = PBXGroup;
			children = (
			);
			path = View;
			sourceTree = "<group>";
		};
		8488C39023F3CA0E00C13882 /* Controller */ = {
			isa = PBXGroup;
			children = (
			);
			path = Controller;
			sourceTree = "<group>";
		};
		8488C39123F3CA3100C13882 /* Controller */ = {
			isa = PBXGroup;
			children = (
				84BBE3A723F5445900BD4F9B /* TagsTableController.swift */,
				84BBE3A923F552EC00BD4F9B /* SelectedTagsTableView.swift */,
			);
			path = Controller;
			sourceTree = "<group>";
		};
		8488C39223F3CA3700C13882 /* View */ = {
			isa = PBXGroup;
			children = (
				84BBE3AB23F559AA00BD4F9B /* SelectedTagsPanel.storyboard */,
				8488C39523F3E31800C13882 /* TagTableCell.swift */,
				8493913A23F4049F001BB07A /* TagsTableView.swift */,
			);
			path = View;
			sourceTree = "<group>";
		};
		84A5513A23E02EF000E0CC1E = {
			isa = PBXGroup;
			children = (
				84A5514523E02EF000E0CC1E /* todo */,
				84A5515F23E02EF100E0CC1E /* todoTests */,
				84A5516A23E02EF100E0CC1E /* todoUITests */,
				84A5514423E02EF000E0CC1E /* Products */,
				5154965E977E865C12C8E222 /* Pods */,
				0B328E641144EBB11850536C /* Frameworks */,
			);
			sourceTree = "<group>";
		};
		84A5514423E02EF000E0CC1E /* Products */ = {
			isa = PBXGroup;
			children = (
				84A5514323E02EF000E0CC1E /* todo.app */,
				84A5515C23E02EF100E0CC1E /* todoTests.xctest */,
				84A5516723E02EF100E0CC1E /* todoUITests.xctest */,
			);
			name = Products;
			sourceTree = "<group>";
		};
		84A5514523E02EF000E0CC1E /* todo */ = {
			isa = PBXGroup;
			children = (
				84BBE3A323F53B2E00BD4F9B /* Selected tags table */,
				84A5517923E035EE00E0CC1E /* Application */,
				84F2434823EC037000B4438C /* CoreData */,
				847B285E23E1801A00F334E8 /* Helpers */,
				8488C38E23F3C9F800C13882 /* Tag */,
				8488C38D23F3C9D900C13882 /* Tags table */,
				84C6DC5A23F0529C0092DF4B /* Tags cloud */,
				84A5517C23E0467800E0CC1E /* Note */,
				84BC01BB23E1B9FA00ABA161 /* Notes table */,
			);
			path = todo;
			sourceTree = "<group>";
		};
		84A5515F23E02EF100E0CC1E /* todoTests */ = {
			isa = PBXGroup;
			children = (
				84A5516023E02EF100E0CC1E /* todoTests.swift */,
				84A5516223E02EF100E0CC1E /* Info.plist */,
			);
			path = todoTests;
			sourceTree = "<group>";
		};
		84A5516A23E02EF100E0CC1E /* todoUITests */ = {
			isa = PBXGroup;
			children = (
				84A5516B23E02EF100E0CC1E /* todoUITests.swift */,
				84A5516D23E02EF100E0CC1E /* Info.plist */,
			);
			path = todoUITests;
			sourceTree = "<group>";
		};
		84A5517923E035EE00E0CC1E /* Application */ = {
			isa = PBXGroup;
			children = (
				84A5517B23E0360C00E0CC1E /* View */,
				84A5517A23E035FE00E0CC1E /* Controller */,
				84EB09AC23E06DF10016CC2B /* Supporting files */,
				84A5515723E02EF100E0CC1E /* Info.plist */,
			);
			path = Application;
			sourceTree = "<group>";
		};
		84A5517A23E035FE00E0CC1E /* Controller */ = {
			isa = PBXGroup;
			children = (
				84A5514623E02EF000E0CC1E /* AppDelegate.swift */,
				84A5514823E02EF000E0CC1E /* SceneDelegate.swift */,
			);
			path = Controller;
			sourceTree = "<group>";
		};
		84A5517B23E0360C00E0CC1E /* View */ = {
			isa = PBXGroup;
			children = (
				84A5514C23E02EF000E0CC1E /* Main.storyboard */,
				84A5515423E02EF100E0CC1E /* LaunchScreen.storyboard */,
			);
			path = View;
			sourceTree = "<group>";
		};
		84A5517C23E0467800E0CC1E /* Note */ = {
			isa = PBXGroup;
			children = (
				84787C3523E349F500D7C9DF /* Model */,
				84A5517D23E0468200E0CC1E /* View */,
				847B285D23E17FBE00F334E8 /* Controller */,
			);
			path = Note;
			sourceTree = "<group>";
		};
		84A5517D23E0468200E0CC1E /* View */ = {
			isa = PBXGroup;
			children = (
				84A5517E23E0473100E0CC1E /* NoteView.swift */,
				84A5518023E047DD00E0CC1E /* NoteTextView.swift */,
			);
			path = View;
			sourceTree = "<group>";
		};
		84BBE3A323F53B2E00BD4F9B /* Selected tags table */ = {
			isa = PBXGroup;
			children = (
				84BBE3A423F53B4900BD4F9B /* Controller */,
			);
			path = "Selected tags table";
			sourceTree = "<group>";
		};
		84BBE3A423F53B4900BD4F9B /* Controller */ = {
			isa = PBXGroup;
			children = (
				84BBE3A523F53B8000BD4F9B /* SelectedTagsTableController.swift */,
			);
			path = Controller;
			sourceTree = "<group>";
		};
		84BC01BB23E1B9FA00ABA161 /* Notes table */ = {
			isa = PBXGroup;
			children = (
				84BC01BD23E1BA1700ABA161 /* View */,
				84BC01BC23E1BA0D00ABA161 /* Controller */,
			);
			path = "Notes table";
			sourceTree = "<group>";
		};
		84BC01BC23E1BA0D00ABA161 /* Controller */ = {
			isa = PBXGroup;
			children = (
				84BC01C923E1CA0600ABA161 /* NotesTableController.swift */,
			);
			path = Controller;
			sourceTree = "<group>";
		};
		84BC01BD23E1BA1700ABA161 /* View */ = {
			isa = PBXGroup;
			children = (
				84BC01C723E1BF0600ABA161 /* NoteCell.swift */,
			);
			path = View;
			sourceTree = "<group>";
		};
		84BC01BE23E1BC1900ABA161 /* Protocols */ = {
			isa = PBXGroup;
			children = (
				84BC01BF23E1BC2D00ABA161 /* ReusableView.swift */,
			);
			path = Protocols;
			sourceTree = "<group>";
		};
		84C6DC5A23F0529C0092DF4B /* Tags cloud */ = {
			isa = PBXGroup;
			children = (
				84C6DC5B23F055560092DF4B /* Model */,
				84C6DC5D23F0556C0092DF4B /* View */,
				84C6DC5C23F055640092DF4B /* Controller */,
			);
			path = "Tags cloud";
			sourceTree = "<group>";
		};
		84C6DC5B23F055560092DF4B /* Model */ = {
			isa = PBXGroup;
			children = (
				84C6DC5E23F0558F0092DF4B /* TagCellSettings.swift */,
			);
			path = Model;
			sourceTree = "<group>";
		};
		84C6DC5C23F055640092DF4B /* Controller */ = {
			isa = PBXGroup;
			children = (
				8440038123F12F3F00B909CC /* TagsProvider.swift */,
			);
			path = Controller;
			sourceTree = "<group>";
		};
		84C6DC5D23F0556C0092DF4B /* View */ = {
			isa = PBXGroup;
			children = (
				84C6DC6023F059C40092DF4B /* TagsLayout.swift */,
				84C6DC6223F059F70092DF4B /* TagsCollectionView.swift */,
				84C6DC6423F05BBB0092DF4B /* TagCell.swift */,
			);
			path = View;
			sourceTree = "<group>";
		};
		84EB09AC23E06DF10016CC2B /* Supporting files */ = {
			isa = PBXGroup;
			children = (
				84EB09AD23E06E430016CC2B /* Assets.xcassets */,
				843668A723E99C5600618B96 /* Sound Files */,
			);
			path = "Supporting files";
			sourceTree = "<group>";
		};
		84F2434823EC037000B4438C /* CoreData */ = {
			isa = PBXGroup;
			children = (
				84F2434B23EC048D00B4438C /* Controller */,
				84F2434A23EC045000B4438C /* Database model */,
				84F2434923EC040700B4438C /* Model */,
			);
			path = CoreData;
			sourceTree = "<group>";
		};
		84F2434923EC040700B4438C /* Model */ = {
			isa = PBXGroup;
			children = (
				84F2434D23EC066600B4438C /* Icon+CoreDataClass.swift */,
				84F2434E23EC066600B4438C /* Icon+CoreDataProperties.swift */,
				84F2434F23EC066600B4438C /* NoteBackgroud+CoreDataClass.swift */,
				84F2435023EC066600B4438C /* NoteBackgroud+CoreDataProperties.swift */,
				84F2435123EC066700B4438C /* Tag+CoreDataClass.swift */,
				84F2435223EC066700B4438C /* Tag+CoreDataProperties.swift */,
				84F2435323EC066700B4438C /* GradientBackgroud+CoreDataClass.swift */,
				84CC242423EC73F200C0E4DA /* GradientBackgroud+CoreDataProperties.swift */,
				84787C3023E348B800D7C9DF /* Note+CoreDataClass.swift */,
				84F523CC23EC08600074AB3C /* Note+CoreDataProperties.swift */,
			);
			path = Model;
			sourceTree = "<group>";
		};
		84F2434A23EC045000B4438C /* Database model */ = {
			isa = PBXGroup;
			children = (
				84CC242023EC735A00C0E4DA /* todo.xcdatamodeld */,
			);
			path = "Database model";
			sourceTree = "<group>";
		};
		84F2434B23EC048D00B4438C /* Controller */ = {
			isa = PBXGroup;
			children = (
				84AF8B2223E40C2F0019A4DB /* CoreDataStack.swift */,
			);
			path = Controller;
			sourceTree = "<group>";
		};
/* End PBXGroup section */

/* Begin PBXNativeTarget section */
		84A5514223E02EF000E0CC1E /* todo */ = {
			isa = PBXNativeTarget;
			buildConfigurationList = 84A5517023E02EF100E0CC1E /* Build configuration list for PBXNativeTarget "todo" */;
			buildPhases = (
				9C9EC8F1561040C74D06CB18 /* [CP] Check Pods Manifest.lock */,
				84A5513F23E02EF000E0CC1E /* Sources */,
				84A5514023E02EF000E0CC1E /* Frameworks */,
				84A5514123E02EF000E0CC1E /* Resources */,
				A5D53DD18484C50BCE2334CF /* [CP] Embed Pods Frameworks */,
			);
			buildRules = (
			);
			dependencies = (
			);
			name = todo;
			productName = todo;
			productReference = 84A5514323E02EF000E0CC1E /* todo.app */;
			productType = "com.apple.product-type.application";
		};
		84A5515B23E02EF100E0CC1E /* todoTests */ = {
			isa = PBXNativeTarget;
			buildConfigurationList = 84A5517323E02EF100E0CC1E /* Build configuration list for PBXNativeTarget "todoTests" */;
			buildPhases = (
				D370C5BF2F646BC461829122 /* [CP] Check Pods Manifest.lock */,
				84A5515823E02EF100E0CC1E /* Sources */,
				84A5515923E02EF100E0CC1E /* Frameworks */,
				84A5515A23E02EF100E0CC1E /* Resources */,
			);
			buildRules = (
			);
			dependencies = (
				84A5515E23E02EF100E0CC1E /* PBXTargetDependency */,
			);
			name = todoTests;
			productName = todoTests;
			productReference = 84A5515C23E02EF100E0CC1E /* todoTests.xctest */;
			productType = "com.apple.product-type.bundle.unit-test";
		};
		84A5516623E02EF100E0CC1E /* todoUITests */ = {
			isa = PBXNativeTarget;
			buildConfigurationList = 84A5517623E02EF100E0CC1E /* Build configuration list for PBXNativeTarget "todoUITests" */;
			buildPhases = (
				3F5B488459693184A4DED896 /* [CP] Check Pods Manifest.lock */,
				84A5516323E02EF100E0CC1E /* Sources */,
				84A5516423E02EF100E0CC1E /* Frameworks */,
				84A5516523E02EF100E0CC1E /* Resources */,
			);
			buildRules = (
			);
			dependencies = (
				84A5516923E02EF100E0CC1E /* PBXTargetDependency */,
			);
			name = todoUITests;
			productName = todoUITests;
			productReference = 84A5516723E02EF100E0CC1E /* todoUITests.xctest */;
			productType = "com.apple.product-type.bundle.ui-testing";
		};
/* End PBXNativeTarget section */

/* Begin PBXProject section */
		84A5513B23E02EF000E0CC1E /* Project object */ = {
			isa = PBXProject;
			attributes = {
				LastSwiftUpdateCheck = 1130;
				LastUpgradeCheck = 1130;
				ORGANIZATIONNAME = "Anatoliy Odinetskiy";
				TargetAttributes = {
					84A5514223E02EF000E0CC1E = {
						CreatedOnToolsVersion = 11.3.1;
					};
					84A5515B23E02EF100E0CC1E = {
						CreatedOnToolsVersion = 11.3.1;
						TestTargetID = 84A5514223E02EF000E0CC1E;
					};
					84A5516623E02EF100E0CC1E = {
						CreatedOnToolsVersion = 11.3.1;
						TestTargetID = 84A5514223E02EF000E0CC1E;
					};
				};
			};
			buildConfigurationList = 84A5513E23E02EF000E0CC1E /* Build configuration list for PBXProject "todo" */;
			compatibilityVersion = "Xcode 9.3";
			developmentRegion = en;
			hasScannedForEncodings = 0;
			knownRegions = (
				en,
				Base,
			);
			mainGroup = 84A5513A23E02EF000E0CC1E;
			productRefGroup = 84A5514423E02EF000E0CC1E /* Products */;
			projectDirPath = "";
			projectRoot = "";
			targets = (
				84A5514223E02EF000E0CC1E /* todo */,
				84A5515B23E02EF100E0CC1E /* todoTests */,
				84A5516623E02EF100E0CC1E /* todoUITests */,
			);
		};
/* End PBXProject section */

/* Begin PBXResourcesBuildPhase section */
		84A5514123E02EF000E0CC1E /* Resources */ = {
			isa = PBXResourcesBuildPhase;
			buildActionMask = 2147483647;
			files = (
				84A5515623E02EF100E0CC1E /* LaunchScreen.storyboard in Resources */,
				84BBE3AC23F559AA00BD4F9B /* SelectedTagsPanel.storyboard in Resources */,
				84EB09AE23E06E430016CC2B /* Assets.xcassets in Resources */,
				843668A923E99C9800618B96 /* crumpled paper.wav in Resources */,
				84A5514E23E02EF000E0CC1E /* Main.storyboard in Resources */,
			);
			runOnlyForDeploymentPostprocessing = 0;
		};
		84A5515A23E02EF100E0CC1E /* Resources */ = {
			isa = PBXResourcesBuildPhase;
			buildActionMask = 2147483647;
			files = (
			);
			runOnlyForDeploymentPostprocessing = 0;
		};
		84A5516523E02EF100E0CC1E /* Resources */ = {
			isa = PBXResourcesBuildPhase;
			buildActionMask = 2147483647;
			files = (
			);
			runOnlyForDeploymentPostprocessing = 0;
		};
/* End PBXResourcesBuildPhase section */

/* Begin PBXShellScriptBuildPhase section */
		3F5B488459693184A4DED896 /* [CP] Check Pods Manifest.lock */ = {
			isa = PBXShellScriptBuildPhase;
			buildActionMask = 2147483647;
			files = (
			);
			inputPaths = (
				"${PODS_PODFILE_DIR_PATH}/Podfile.lock",
				"${PODS_ROOT}/Manifest.lock",
			);
			name = "[CP] Check Pods Manifest.lock";
			outputPaths = (
				"$(DERIVED_FILE_DIR)/Pods-todoUITests-checkManifestLockResult.txt",
			);
			runOnlyForDeploymentPostprocessing = 0;
			shellPath = /bin/sh;
			shellScript = "diff \"${PODS_PODFILE_DIR_PATH}/Podfile.lock\" \"${PODS_ROOT}/Manifest.lock\" > /dev/null\nif [ $? != 0 ] ; then\n    # print error to STDERR\n    echo \"error: The sandbox is not in sync with the Podfile.lock. Run 'pod install' or update your CocoaPods installation.\" >&2\n    exit 1\nfi\n# This output is used by Xcode 'outputs' to avoid re-running this script phase.\necho \"SUCCESS\" > \"${SCRIPT_OUTPUT_FILE_0}\"\n";
			showEnvVarsInLog = 0;
		};
		9C9EC8F1561040C74D06CB18 /* [CP] Check Pods Manifest.lock */ = {
			isa = PBXShellScriptBuildPhase;
			buildActionMask = 2147483647;
			files = (
			);
			inputPaths = (
				"${PODS_PODFILE_DIR_PATH}/Podfile.lock",
				"${PODS_ROOT}/Manifest.lock",
			);
			name = "[CP] Check Pods Manifest.lock";
			outputPaths = (
				"$(DERIVED_FILE_DIR)/Pods-todo-checkManifestLockResult.txt",
			);
			runOnlyForDeploymentPostprocessing = 0;
			shellPath = /bin/sh;
			shellScript = "diff \"${PODS_PODFILE_DIR_PATH}/Podfile.lock\" \"${PODS_ROOT}/Manifest.lock\" > /dev/null\nif [ $? != 0 ] ; then\n    # print error to STDERR\n    echo \"error: The sandbox is not in sync with the Podfile.lock. Run 'pod install' or update your CocoaPods installation.\" >&2\n    exit 1\nfi\n# This output is used by Xcode 'outputs' to avoid re-running this script phase.\necho \"SUCCESS\" > \"${SCRIPT_OUTPUT_FILE_0}\"\n";
			showEnvVarsInLog = 0;
		};
		A5D53DD18484C50BCE2334CF /* [CP] Embed Pods Frameworks */ = {
			isa = PBXShellScriptBuildPhase;
			buildActionMask = 2147483647;
			files = (
			);
			inputPaths = (
				"${SRCROOT}/Pods/Target Support Files/Pods-todo/Pods-todo-frameworks.sh",
				"${BUILT_PRODUCTS_DIR}/Floaty/Floaty.framework",
				"${BUILT_PRODUCTS_DIR}/Panels/Panels.framework",
			);
			name = "[CP] Embed Pods Frameworks";
			outputPaths = (
				"${TARGET_BUILD_DIR}/${FRAMEWORKS_FOLDER_PATH}/Floaty.framework",
				"${TARGET_BUILD_DIR}/${FRAMEWORKS_FOLDER_PATH}/Panels.framework",
			);
			runOnlyForDeploymentPostprocessing = 0;
			shellPath = /bin/sh;
			shellScript = "\"${SRCROOT}/Pods/Target Support Files/Pods-todo/Pods-todo-frameworks.sh\"\n";
			showEnvVarsInLog = 0;
		};
		D370C5BF2F646BC461829122 /* [CP] Check Pods Manifest.lock */ = {
			isa = PBXShellScriptBuildPhase;
			buildActionMask = 2147483647;
			files = (
			);
			inputPaths = (
				"${PODS_PODFILE_DIR_PATH}/Podfile.lock",
				"${PODS_ROOT}/Manifest.lock",
			);
			name = "[CP] Check Pods Manifest.lock";
			outputPaths = (
				"$(DERIVED_FILE_DIR)/Pods-todoTests-checkManifestLockResult.txt",
			);
			runOnlyForDeploymentPostprocessing = 0;
			shellPath = /bin/sh;
			shellScript = "diff \"${PODS_PODFILE_DIR_PATH}/Podfile.lock\" \"${PODS_ROOT}/Manifest.lock\" > /dev/null\nif [ $? != 0 ] ; then\n    # print error to STDERR\n    echo \"error: The sandbox is not in sync with the Podfile.lock. Run 'pod install' or update your CocoaPods installation.\" >&2\n    exit 1\nfi\n# This output is used by Xcode 'outputs' to avoid re-running this script phase.\necho \"SUCCESS\" > \"${SCRIPT_OUTPUT_FILE_0}\"\n";
			showEnvVarsInLog = 0;
		};
/* End PBXShellScriptBuildPhase section */

/* Begin PBXSourcesBuildPhase section */
		84A5513F23E02EF000E0CC1E /* Sources */ = {
			isa = PBXSourcesBuildPhase;
			buildActionMask = 2147483647;
			files = (
				84BC01C023E1BC2D00ABA161 /* ReusableView.swift in Sources */,
				84BBE3AA23F552EC00BD4F9B /* SelectedTagsTableView.swift in Sources */,
				847B286223E180F500F334E8 /* CustomViewController.swift in Sources */,
				84C6DC6523F05BBB0092DF4B /* TagCell.swift in Sources */,
				84CC242223EC735B00C0E4DA /* todo.xcdatamodeld in Sources */,
				84BBE3A623F53B8000BD4F9B /* SelectedTagsTableController.swift in Sources */,
				84CC242623EC73F200C0E4DA /* GradientBackgroud+CoreDataProperties.swift in Sources */,
				8488C39623F3E31800C13882 /* TagTableCell.swift in Sources */,
				84BBE3A823F5445900BD4F9B /* TagsTableController.swift in Sources */,
				84F523CF23EC0FFB0074AB3C /* RandomNoteGenerator.swift in Sources */,
				84F2435A23EC066700B4438C /* NoteBackgroud+CoreDataClass.swift in Sources */,
				8493913B23F4049F001BB07A /* TagsTableView.swift in Sources */,
				84A5518123E047DD00E0CC1E /* NoteTextView.swift in Sources */,
				84BC01C423E1BC9500ABA161 /* UICollectionView+ReusableView.swift in Sources */,
				84BC01C823E1BF0600ABA161 /* NoteCell.swift in Sources */,
				84BC01C223E1BC7400ABA161 /* ReusableView ext.swift in Sources */,
				84F523CD23EC08600074AB3C /* Note+CoreDataProperties.swift in Sources */,
				84A5517F23E0473100E0CC1E /* NoteView.swift in Sources */,
				847B286823E189A900F334E8 /* NoteViewController.swift in Sources */,
				84F2435823EC066700B4438C /* Icon+CoreDataClass.swift in Sources */,
				84BC01C623E1BCE400ABA161 /* UITableView+ReusableView.swift in Sources */,
				84A5514723E02EF000E0CC1E /* AppDelegate.swift in Sources */,
				84F2435B23EC066700B4438C /* NoteBackgroud+CoreDataProperties.swift in Sources */,
				84F2435C23EC066700B4438C /* Tag+CoreDataClass.swift in Sources */,
				84C6DC5F23F0558F0092DF4B /* TagCellSettings.swift in Sources */,
				84F2435D23EC066700B4438C /* Tag+CoreDataProperties.swift in Sources */,
				84F2435923EC066700B4438C /* Icon+CoreDataProperties.swift in Sources */,
				847B286623E1855900F334E8 /* UIColor.swift in Sources */,
				84AF8B2323E40C2F0019A4DB /* CoreDataStack.swift in Sources */,
				8440038223F12F3F00B909CC /* TagsProvider.swift in Sources */,
				84A5514923E02EF000E0CC1E /* SceneDelegate.swift in Sources */,
				84C6DC6123F059C40092DF4B /* TagsLayout.swift in Sources */,
				84787C3223E348B900D7C9DF /* Note+CoreDataClass.swift in Sources */,
				84C6DC6323F059F70092DF4B /* TagsCollectionView.swift in Sources */,
				84BC01CA23E1CA0600ABA161 /* NotesTableController.swift in Sources */,
				8440038623F1370300B909CC /* String.swift in Sources */,
				84F2435E23EC066700B4438C /* GradientBackgroud+CoreDataClass.swift in Sources */,
			);
			runOnlyForDeploymentPostprocessing = 0;
		};
		84A5515823E02EF100E0CC1E /* Sources */ = {
			isa = PBXSourcesBuildPhase;
			buildActionMask = 2147483647;
			files = (
				84A5516123E02EF100E0CC1E /* todoTests.swift in Sources */,
			);
			runOnlyForDeploymentPostprocessing = 0;
		};
		84A5516323E02EF100E0CC1E /* Sources */ = {
			isa = PBXSourcesBuildPhase;
			buildActionMask = 2147483647;
			files = (
				84A5516C23E02EF100E0CC1E /* todoUITests.swift in Sources */,
			);
			runOnlyForDeploymentPostprocessing = 0;
		};
/* End PBXSourcesBuildPhase section */

/* Begin PBXTargetDependency section */
		84A5515E23E02EF100E0CC1E /* PBXTargetDependency */ = {
			isa = PBXTargetDependency;
			target = 84A5514223E02EF000E0CC1E /* todo */;
			targetProxy = 84A5515D23E02EF100E0CC1E /* PBXContainerItemProxy */;
		};
		84A5516923E02EF100E0CC1E /* PBXTargetDependency */ = {
			isa = PBXTargetDependency;
			target = 84A5514223E02EF000E0CC1E /* todo */;
			targetProxy = 84A5516823E02EF100E0CC1E /* PBXContainerItemProxy */;
		};
/* End PBXTargetDependency section */

/* Begin PBXVariantGroup section */
		84A5514C23E02EF000E0CC1E /* Main.storyboard */ = {
			isa = PBXVariantGroup;
			children = (
				84A5514D23E02EF000E0CC1E /* Base */,
			);
			name = Main.storyboard;
			sourceTree = "<group>";
		};
		84A5515423E02EF100E0CC1E /* LaunchScreen.storyboard */ = {
			isa = PBXVariantGroup;
			children = (
				84A5515523E02EF100E0CC1E /* Base */,
			);
			name = LaunchScreen.storyboard;
			sourceTree = "<group>";
		};
/* End PBXVariantGroup section */

/* Begin XCBuildConfiguration section */
		84A5516E23E02EF100E0CC1E /* Debug */ = {
			isa = XCBuildConfiguration;
			buildSettings = {
				ALWAYS_SEARCH_USER_PATHS = NO;
				CLANG_ANALYZER_NONNULL = YES;
				CLANG_ANALYZER_NUMBER_OBJECT_CONVERSION = YES_AGGRESSIVE;
				CLANG_CXX_LANGUAGE_STANDARD = "gnu++14";
				CLANG_CXX_LIBRARY = "libc++";
				CLANG_ENABLE_MODULES = YES;
				CLANG_ENABLE_OBJC_ARC = YES;
				CLANG_ENABLE_OBJC_WEAK = YES;
				CLANG_WARN_BLOCK_CAPTURE_AUTORELEASING = YES;
				CLANG_WARN_BOOL_CONVERSION = YES;
				CLANG_WARN_COMMA = YES;
				CLANG_WARN_CONSTANT_CONVERSION = YES;
				CLANG_WARN_DEPRECATED_OBJC_IMPLEMENTATIONS = YES;
				CLANG_WARN_DIRECT_OBJC_ISA_USAGE = YES_ERROR;
				CLANG_WARN_DOCUMENTATION_COMMENTS = YES;
				CLANG_WARN_EMPTY_BODY = YES;
				CLANG_WARN_ENUM_CONVERSION = YES;
				CLANG_WARN_INFINITE_RECURSION = YES;
				CLANG_WARN_INT_CONVERSION = YES;
				CLANG_WARN_NON_LITERAL_NULL_CONVERSION = YES;
				CLANG_WARN_OBJC_IMPLICIT_RETAIN_SELF = YES;
				CLANG_WARN_OBJC_LITERAL_CONVERSION = YES;
				CLANG_WARN_OBJC_ROOT_CLASS = YES_ERROR;
				CLANG_WARN_RANGE_LOOP_ANALYSIS = YES;
				CLANG_WARN_STRICT_PROTOTYPES = YES;
				CLANG_WARN_SUSPICIOUS_MOVE = YES;
				CLANG_WARN_UNGUARDED_AVAILABILITY = YES_AGGRESSIVE;
				CLANG_WARN_UNREACHABLE_CODE = YES;
				CLANG_WARN__DUPLICATE_METHOD_MATCH = YES;
				COPY_PHASE_STRIP = NO;
				DEBUG_INFORMATION_FORMAT = dwarf;
				ENABLE_STRICT_OBJC_MSGSEND = YES;
				ENABLE_TESTABILITY = YES;
				GCC_C_LANGUAGE_STANDARD = gnu11;
				GCC_DYNAMIC_NO_PIC = NO;
				GCC_NO_COMMON_BLOCKS = YES;
				GCC_OPTIMIZATION_LEVEL = 0;
				GCC_PREPROCESSOR_DEFINITIONS = (
					"DEBUG=1",
					"$(inherited)",
				);
				GCC_WARN_64_TO_32_BIT_CONVERSION = YES;
				GCC_WARN_ABOUT_RETURN_TYPE = YES_ERROR;
				GCC_WARN_UNDECLARED_SELECTOR = YES;
				GCC_WARN_UNINITIALIZED_AUTOS = YES_AGGRESSIVE;
				GCC_WARN_UNUSED_FUNCTION = YES;
				GCC_WARN_UNUSED_VARIABLE = YES;
				IPHONEOS_DEPLOYMENT_TARGET = 12.0;
				MTL_ENABLE_DEBUG_INFO = INCLUDE_SOURCE;
				MTL_FAST_MATH = YES;
				ONLY_ACTIVE_ARCH = YES;
				SDKROOT = iphoneos;
				SWIFT_ACTIVE_COMPILATION_CONDITIONS = DEBUG;
				SWIFT_OPTIMIZATION_LEVEL = "-Onone";
			};
			name = Debug;
		};
		84A5516F23E02EF100E0CC1E /* Release */ = {
			isa = XCBuildConfiguration;
			buildSettings = {
				ALWAYS_SEARCH_USER_PATHS = NO;
				CLANG_ANALYZER_NONNULL = YES;
				CLANG_ANALYZER_NUMBER_OBJECT_CONVERSION = YES_AGGRESSIVE;
				CLANG_CXX_LANGUAGE_STANDARD = "gnu++14";
				CLANG_CXX_LIBRARY = "libc++";
				CLANG_ENABLE_MODULES = YES;
				CLANG_ENABLE_OBJC_ARC = YES;
				CLANG_ENABLE_OBJC_WEAK = YES;
				CLANG_WARN_BLOCK_CAPTURE_AUTORELEASING = YES;
				CLANG_WARN_BOOL_CONVERSION = YES;
				CLANG_WARN_COMMA = YES;
				CLANG_WARN_CONSTANT_CONVERSION = YES;
				CLANG_WARN_DEPRECATED_OBJC_IMPLEMENTATIONS = YES;
				CLANG_WARN_DIRECT_OBJC_ISA_USAGE = YES_ERROR;
				CLANG_WARN_DOCUMENTATION_COMMENTS = YES;
				CLANG_WARN_EMPTY_BODY = YES;
				CLANG_WARN_ENUM_CONVERSION = YES;
				CLANG_WARN_INFINITE_RECURSION = YES;
				CLANG_WARN_INT_CONVERSION = YES;
				CLANG_WARN_NON_LITERAL_NULL_CONVERSION = YES;
				CLANG_WARN_OBJC_IMPLICIT_RETAIN_SELF = YES;
				CLANG_WARN_OBJC_LITERAL_CONVERSION = YES;
				CLANG_WARN_OBJC_ROOT_CLASS = YES_ERROR;
				CLANG_WARN_RANGE_LOOP_ANALYSIS = YES;
				CLANG_WARN_STRICT_PROTOTYPES = YES;
				CLANG_WARN_SUSPICIOUS_MOVE = YES;
				CLANG_WARN_UNGUARDED_AVAILABILITY = YES_AGGRESSIVE;
				CLANG_WARN_UNREACHABLE_CODE = YES;
				CLANG_WARN__DUPLICATE_METHOD_MATCH = YES;
				COPY_PHASE_STRIP = NO;
				DEBUG_INFORMATION_FORMAT = "dwarf-with-dsym";
				ENABLE_NS_ASSERTIONS = NO;
				ENABLE_STRICT_OBJC_MSGSEND = YES;
				GCC_C_LANGUAGE_STANDARD = gnu11;
				GCC_NO_COMMON_BLOCKS = YES;
				GCC_WARN_64_TO_32_BIT_CONVERSION = YES;
				GCC_WARN_ABOUT_RETURN_TYPE = YES_ERROR;
				GCC_WARN_UNDECLARED_SELECTOR = YES;
				GCC_WARN_UNINITIALIZED_AUTOS = YES_AGGRESSIVE;
				GCC_WARN_UNUSED_FUNCTION = YES;
				GCC_WARN_UNUSED_VARIABLE = YES;
				IPHONEOS_DEPLOYMENT_TARGET = 12.0;
				MTL_ENABLE_DEBUG_INFO = NO;
				MTL_FAST_MATH = YES;
				SDKROOT = iphoneos;
				SWIFT_COMPILATION_MODE = wholemodule;
				SWIFT_OPTIMIZATION_LEVEL = "-O";
				VALIDATE_PRODUCT = YES;
			};
			name = Release;
		};
		84A5517123E02EF100E0CC1E /* Debug */ = {
			isa = XCBuildConfiguration;
			baseConfigurationReference = A7CE3AD98154E1F47F665AD3 /* Pods-todo.debug.xcconfig */;
			buildSettings = {
				ASSETCATALOG_COMPILER_APPICON_NAME = AppIcon;
				CODE_SIGN_STYLE = Automatic;
				DEVELOPMENT_ASSET_PATHS = "";
				DEVELOPMENT_TEAM = D97475642F;
				INFOPLIST_FILE = "$(SRCROOT)/todo/Application/Info.plist";
				IPHONEOS_DEPLOYMENT_TARGET = 12.0;
				LD_RUNPATH_SEARCH_PATHS = (
					"$(inherited)",
					"@executable_path/Frameworks",
				);
				PRODUCT_BUNDLE_IDENTIFIER = oaa92.todo;
				PRODUCT_NAME = "$(TARGET_NAME)";
				SWIFT_VERSION = 5.0;
				TARGETED_DEVICE_FAMILY = 1;
			};
			name = Debug;
		};
		84A5517223E02EF100E0CC1E /* Release */ = {
			isa = XCBuildConfiguration;
			baseConfigurationReference = 9849AD89753C19B3D954A84E /* Pods-todo.release.xcconfig */;
			buildSettings = {
				ASSETCATALOG_COMPILER_APPICON_NAME = AppIcon;
				CODE_SIGN_STYLE = Automatic;
				DEVELOPMENT_ASSET_PATHS = "";
				DEVELOPMENT_TEAM = D97475642F;
				INFOPLIST_FILE = "$(SRCROOT)/todo/Application/Info.plist";
				IPHONEOS_DEPLOYMENT_TARGET = 12.0;
				LD_RUNPATH_SEARCH_PATHS = (
					"$(inherited)",
					"@executable_path/Frameworks",
				);
				PRODUCT_BUNDLE_IDENTIFIER = oaa92.todo;
				PRODUCT_NAME = "$(TARGET_NAME)";
				SWIFT_VERSION = 5.0;
				TARGETED_DEVICE_FAMILY = 1;
			};
			name = Release;
		};
		84A5517423E02EF100E0CC1E /* Debug */ = {
			isa = XCBuildConfiguration;
			baseConfigurationReference = 4BF0081C562FE9057E84B385 /* Pods-todoTests.debug.xcconfig */;
			buildSettings = {
				ALWAYS_EMBED_SWIFT_STANDARD_LIBRARIES = YES;
				BUNDLE_LOADER = "$(TEST_HOST)";
				CODE_SIGN_STYLE = Automatic;
				DEVELOPMENT_TEAM = D97475642F;
				INFOPLIST_FILE = todoTests/Info.plist;
				IPHONEOS_DEPLOYMENT_TARGET = 13.2;
				LD_RUNPATH_SEARCH_PATHS = (
					"$(inherited)",
					"@executable_path/Frameworks",
					"@loader_path/Frameworks",
				);
				PRODUCT_BUNDLE_IDENTIFIER = oaa92.todoTests;
				PRODUCT_NAME = "$(TARGET_NAME)";
				SWIFT_VERSION = 5.0;
				TARGETED_DEVICE_FAMILY = "1,2";
				TEST_HOST = "$(BUILT_PRODUCTS_DIR)/todo.app/todo";
			};
			name = Debug;
		};
		84A5517523E02EF100E0CC1E /* Release */ = {
			isa = XCBuildConfiguration;
			baseConfigurationReference = 264900A6C735A367DF80B8A7 /* Pods-todoTests.release.xcconfig */;
			buildSettings = {
				ALWAYS_EMBED_SWIFT_STANDARD_LIBRARIES = YES;
				BUNDLE_LOADER = "$(TEST_HOST)";
				CODE_SIGN_STYLE = Automatic;
				DEVELOPMENT_TEAM = D97475642F;
				INFOPLIST_FILE = todoTests/Info.plist;
				IPHONEOS_DEPLOYMENT_TARGET = 13.2;
				LD_RUNPATH_SEARCH_PATHS = (
					"$(inherited)",
					"@executable_path/Frameworks",
					"@loader_path/Frameworks",
				);
				PRODUCT_BUNDLE_IDENTIFIER = oaa92.todoTests;
				PRODUCT_NAME = "$(TARGET_NAME)";
				SWIFT_VERSION = 5.0;
				TARGETED_DEVICE_FAMILY = "1,2";
				TEST_HOST = "$(BUILT_PRODUCTS_DIR)/todo.app/todo";
			};
			name = Release;
		};
		84A5517723E02EF100E0CC1E /* Debug */ = {
			isa = XCBuildConfiguration;
			baseConfigurationReference = F89B3A63B45FBE278AAEC2C6 /* Pods-todoUITests.debug.xcconfig */;
			buildSettings = {
				ALWAYS_EMBED_SWIFT_STANDARD_LIBRARIES = YES;
				CODE_SIGN_STYLE = Automatic;
				DEVELOPMENT_TEAM = D97475642F;
				INFOPLIST_FILE = todoUITests/Info.plist;
				LD_RUNPATH_SEARCH_PATHS = (
					"$(inherited)",
					"@executable_path/Frameworks",
					"@loader_path/Frameworks",
				);
				PRODUCT_BUNDLE_IDENTIFIER = oaa92.todoUITests;
				PRODUCT_NAME = "$(TARGET_NAME)";
				SWIFT_VERSION = 5.0;
				TARGETED_DEVICE_FAMILY = "1,2";
				TEST_TARGET_NAME = todo;
			};
			name = Debug;
		};
		84A5517823E02EF100E0CC1E /* Release */ = {
			isa = XCBuildConfiguration;
			baseConfigurationReference = E68DDCAB04B8EA5415ED8BCF /* Pods-todoUITests.release.xcconfig */;
			buildSettings = {
				ALWAYS_EMBED_SWIFT_STANDARD_LIBRARIES = YES;
				CODE_SIGN_STYLE = Automatic;
				DEVELOPMENT_TEAM = D97475642F;
				INFOPLIST_FILE = todoUITests/Info.plist;
				LD_RUNPATH_SEARCH_PATHS = (
					"$(inherited)",
					"@executable_path/Frameworks",
					"@loader_path/Frameworks",
				);
				PRODUCT_BUNDLE_IDENTIFIER = oaa92.todoUITests;
				PRODUCT_NAME = "$(TARGET_NAME)";
				SWIFT_VERSION = 5.0;
				TARGETED_DEVICE_FAMILY = "1,2";
				TEST_TARGET_NAME = todo;
			};
			name = Release;
		};
/* End XCBuildConfiguration section */

/* Begin XCConfigurationList section */
		84A5513E23E02EF000E0CC1E /* Build configuration list for PBXProject "todo" */ = {
			isa = XCConfigurationList;
			buildConfigurations = (
				84A5516E23E02EF100E0CC1E /* Debug */,
				84A5516F23E02EF100E0CC1E /* Release */,
			);
			defaultConfigurationIsVisible = 0;
			defaultConfigurationName = Release;
		};
		84A5517023E02EF100E0CC1E /* Build configuration list for PBXNativeTarget "todo" */ = {
			isa = XCConfigurationList;
			buildConfigurations = (
				84A5517123E02EF100E0CC1E /* Debug */,
				84A5517223E02EF100E0CC1E /* Release */,
			);
			defaultConfigurationIsVisible = 0;
			defaultConfigurationName = Release;
		};
		84A5517323E02EF100E0CC1E /* Build configuration list for PBXNativeTarget "todoTests" */ = {
			isa = XCConfigurationList;
			buildConfigurations = (
				84A5517423E02EF100E0CC1E /* Debug */,
				84A5517523E02EF100E0CC1E /* Release */,
			);
			defaultConfigurationIsVisible = 0;
			defaultConfigurationName = Release;
		};
		84A5517623E02EF100E0CC1E /* Build configuration list for PBXNativeTarget "todoUITests" */ = {
			isa = XCConfigurationList;
			buildConfigurations = (
				84A5517723E02EF100E0CC1E /* Debug */,
				84A5517823E02EF100E0CC1E /* Release */,
			);
			defaultConfigurationIsVisible = 0;
			defaultConfigurationName = Release;
		};
/* End XCConfigurationList section */

/* Begin XCVersionGroup section */
		84CC242023EC735A00C0E4DA /* todo.xcdatamodeld */ = {
			isa = XCVersionGroup;
			children = (
				84CC242123EC735A00C0E4DA /* todo.xcdatamodel */,
			);
			currentVersion = 84CC242123EC735A00C0E4DA /* todo.xcdatamodel */;
			path = todo.xcdatamodeld;
			sourceTree = "<group>";
			versionGroupType = wrapper.xcdatamodel;
		};
/* End XCVersionGroup section */
	};
	rootObject = 84A5513B23E02EF000E0CC1E /* Project object */;
}
