// !$*UTF8*$!
{
	archiveVersion = 1;
	classes = {
	};
	objectVersion = 50;
	objects = {

/* Begin PBXBuildFile section */
		847B286223E180F500F334E8 /* CustomViewController.swift in Sources */ = {isa = PBXBuildFile; fileRef = 847B286123E180F500F334E8 /* CustomViewController.swift */; };
		847B286623E1855900F334E8 /* UIColor hex.swift in Sources */ = {isa = PBXBuildFile; fileRef = 847B286523E1855900F334E8 /* UIColor hex.swift */; };
		847B286823E189A900F334E8 /* NoteViewController.swift in Sources */ = {isa = PBXBuildFile; fileRef = 847B286723E189A900F334E8 /* NoteViewController.swift */; };
		84A5514723E02EF000E0CC1E /* AppDelegate.swift in Sources */ = {isa = PBXBuildFile; fileRef = 84A5514623E02EF000E0CC1E /* AppDelegate.swift */; };
		84A5514923E02EF000E0CC1E /* SceneDelegate.swift in Sources */ = {isa = PBXBuildFile; fileRef = 84A5514823E02EF000E0CC1E /* SceneDelegate.swift */; };
		84A5514E23E02EF000E0CC1E /* Main.storyboard in Resources */ = {isa = PBXBuildFile; fileRef = 84A5514C23E02EF000E0CC1E /* Main.storyboard */; };
		84A5515123E02EF000E0CC1E /* todo.xcdatamodeld in Sources */ = {isa = PBXBuildFile; fileRef = 84A5514F23E02EF000E0CC1E /* todo.xcdatamodeld */; };
		84A5515623E02EF100E0CC1E /* LaunchScreen.storyboard in Resources */ = {isa = PBXBuildFile; fileRef = 84A5515423E02EF100E0CC1E /* LaunchScreen.storyboard */; };
		84A5516123E02EF100E0CC1E /* todoTests.swift in Sources */ = {isa = PBXBuildFile; fileRef = 84A5516023E02EF100E0CC1E /* todoTests.swift */; };
		84A5516C23E02EF100E0CC1E /* todoUITests.swift in Sources */ = {isa = PBXBuildFile; fileRef = 84A5516B23E02EF100E0CC1E /* todoUITests.swift */; };
		84A5517F23E0473100E0CC1E /* NoteView.swift in Sources */ = {isa = PBXBuildFile; fileRef = 84A5517E23E0473100E0CC1E /* NoteView.swift */; };
		84A5518123E047DD00E0CC1E /* NoteTextView.swift in Sources */ = {isa = PBXBuildFile; fileRef = 84A5518023E047DD00E0CC1E /* NoteTextView.swift */; };
		84BC01C023E1BC2D00ABA161 /* ReusableView.swift in Sources */ = {isa = PBXBuildFile; fileRef = 84BC01BF23E1BC2D00ABA161 /* ReusableView.swift */; };
		84BC01C223E1BC7400ABA161 /* ReusableView ext.swift in Sources */ = {isa = PBXBuildFile; fileRef = 84BC01C123E1BC7400ABA161 /* ReusableView ext.swift */; };
		84BC01C423E1BC9500ABA161 /* UICollectionView+ReusableView.swift in Sources */ = {isa = PBXBuildFile; fileRef = 84BC01C323E1BC9500ABA161 /* UICollectionView+ReusableView.swift */; };
		84BC01C623E1BCE400ABA161 /* UITableView+ReusableView.swift in Sources */ = {isa = PBXBuildFile; fileRef = 84BC01C523E1BCE400ABA161 /* UITableView+ReusableView.swift */; };
		84BC01C823E1BF0600ABA161 /* NoteCell.swift in Sources */ = {isa = PBXBuildFile; fileRef = 84BC01C723E1BF0600ABA161 /* NoteCell.swift */; };
		84BC01CA23E1CA0600ABA161 /* NotesTableController.swift in Sources */ = {isa = PBXBuildFile; fileRef = 84BC01C923E1CA0600ABA161 /* NotesTableController.swift */; };
		84EB09AE23E06E430016CC2B /* Assets.xcassets in Resources */ = {isa = PBXBuildFile; fileRef = 84EB09AD23E06E430016CC2B /* Assets.xcassets */; };
/* End PBXBuildFile section */

/* Begin PBXContainerItemProxy section */
		84A5515D23E02EF100E0CC1E /* PBXContainerItemProxy */ = {
			isa = PBXContainerItemProxy;
			containerPortal = 84A5513B23E02EF000E0CC1E /* Project object */;
			proxyType = 1;
			remoteGlobalIDString = 84A5514223E02EF000E0CC1E;
			remoteInfo = todo;
		};
		84A5516823E02EF100E0CC1E /* PBXContainerItemProxy */ = {
			isa = PBXContainerItemProxy;
			containerPortal = 84A5513B23E02EF000E0CC1E /* Project object */;
			proxyType = 1;
			remoteGlobalIDString = 84A5514223E02EF000E0CC1E;
			remoteInfo = todo;
		};
/* End PBXContainerItemProxy section */

/* Begin PBXFileReference section */
		847B286123E180F500F334E8 /* CustomViewController.swift */ = {isa = PBXFileReference; lastKnownFileType = sourcecode.swift; path = CustomViewController.swift; sourceTree = "<group>"; };
		847B286523E1855900F334E8 /* UIColor hex.swift */ = {isa = PBXFileReference; lastKnownFileType = sourcecode.swift; path = "UIColor hex.swift"; sourceTree = "<group>"; };
		847B286723E189A900F334E8 /* NoteViewController.swift */ = {isa = PBXFileReference; lastKnownFileType = sourcecode.swift; path = NoteViewController.swift; sourceTree = "<group>"; };
		84A5514323E02EF000E0CC1E /* todo.app */ = {isa = PBXFileReference; explicitFileType = wrapper.application; includeInIndex = 0; path = todo.app; sourceTree = BUILT_PRODUCTS_DIR; };
		84A5514623E02EF000E0CC1E /* AppDelegate.swift */ = {isa = PBXFileReference; lastKnownFileType = sourcecode.swift; path = AppDelegate.swift; sourceTree = "<group>"; };
		84A5514823E02EF000E0CC1E /* SceneDelegate.swift */ = {isa = PBXFileReference; lastKnownFileType = sourcecode.swift; path = SceneDelegate.swift; sourceTree = "<group>"; };
		84A5514D23E02EF000E0CC1E /* Base */ = {isa = PBXFileReference; lastKnownFileType = file.storyboard; name = Base; path = Base.lproj/Main.storyboard; sourceTree = "<group>"; };
		84A5515023E02EF000E0CC1E /* todo.xcdatamodel */ = {isa = PBXFileReference; lastKnownFileType = wrapper.xcdatamodel; path = todo.xcdatamodel; sourceTree = "<group>"; };
		84A5515523E02EF100E0CC1E /* Base */ = {isa = PBXFileReference; lastKnownFileType = file.storyboard; name = Base; path = Base.lproj/LaunchScreen.storyboard; sourceTree = "<group>"; };
		84A5515723E02EF100E0CC1E /* Info.plist */ = {isa = PBXFileReference; lastKnownFileType = text.plist.xml; path = Info.plist; sourceTree = "<group>"; };
		84A5515C23E02EF100E0CC1E /* todoTests.xctest */ = {isa = PBXFileReference; explicitFileType = wrapper.cfbundle; includeInIndex = 0; path = todoTests.xctest; sourceTree = BUILT_PRODUCTS_DIR; };
		84A5516023E02EF100E0CC1E /* todoTests.swift */ = {isa = PBXFileReference; lastKnownFileType = sourcecode.swift; path = todoTests.swift; sourceTree = "<group>"; };
		84A5516223E02EF100E0CC1E /* Info.plist */ = {isa = PBXFileReference; lastKnownFileType = text.plist.xml; path = Info.plist; sourceTree = "<group>"; };
		84A5516723E02EF100E0CC1E /* todoUITests.xctest */ = {isa = PBXFileReference; explicitFileType = wrapper.cfbundle; includeInIndex = 0; path = todoUITests.xctest; sourceTree = BUILT_PRODUCTS_DIR; };
		84A5516B23E02EF100E0CC1E /* todoUITests.swift */ = {isa = PBXFileReference; lastKnownFileType = sourcecode.swift; path = todoUITests.swift; sourceTree = "<group>"; };
		84A5516D23E02EF100E0CC1E /* Info.plist */ = {isa = PBXFileReference; lastKnownFileType = text.plist.xml; path = Info.plist; sourceTree = "<group>"; };
		84A5517E23E0473100E0CC1E /* NoteView.swift */ = {isa = PBXFileReference; lastKnownFileType = sourcecode.swift; path = NoteView.swift; sourceTree = "<group>"; };
		84A5518023E047DD00E0CC1E /* NoteTextView.swift */ = {isa = PBXFileReference; lastKnownFileType = sourcecode.swift; path = NoteTextView.swift; sourceTree = "<group>"; };
		84BC01BF23E1BC2D00ABA161 /* ReusableView.swift */ = {isa = PBXFileReference; lastKnownFileType = sourcecode.swift; path = ReusableView.swift; sourceTree = "<group>"; };
		84BC01C123E1BC7400ABA161 /* ReusableView ext.swift */ = {isa = PBXFileReference; lastKnownFileType = sourcecode.swift; path = "ReusableView ext.swift"; sourceTree = "<group>"; };
		84BC01C323E1BC9500ABA161 /* UICollectionView+ReusableView.swift */ = {isa = PBXFileReference; lastKnownFileType = sourcecode.swift; path = "UICollectionView+ReusableView.swift"; sourceTree = "<group>"; };
		84BC01C523E1BCE400ABA161 /* UITableView+ReusableView.swift */ = {isa = PBXFileReference; lastKnownFileType = sourcecode.swift; path = "UITableView+ReusableView.swift"; sourceTree = "<group>"; };
		84BC01C723E1BF0600ABA161 /* NoteCell.swift */ = {isa = PBXFileReference; lastKnownFileType = sourcecode.swift; path = NoteCell.swift; sourceTree = "<group>"; };
		84BC01C923E1CA0600ABA161 /* NotesTableController.swift */ = {isa = PBXFileReference; lastKnownFileType = sourcecode.swift; path = NotesTableController.swift; sourceTree = "<group>"; };
		84EB09AD23E06E430016CC2B /* Assets.xcassets */ = {isa = PBXFileReference; lastKnownFileType = folder.assetcatalog; path = Assets.xcassets; sourceTree = "<group>"; };
/* End PBXFileReference section */

/* Begin PBXFrameworksBuildPhase section */
		84A5514023E02EF000E0CC1E /* Frameworks */ = {
			isa = PBXFrameworksBuildPhase;
			buildActionMask = 2147483647;
			files = (
			);
			runOnlyForDeploymentPostprocessing = 0;
		};
		84A5515923E02EF100E0CC1E /* Frameworks */ = {
			isa = PBXFrameworksBuildPhase;
			buildActionMask = 2147483647;
			files = (
			);
			runOnlyForDeploymentPostprocessing = 0;
		};
		84A5516423E02EF100E0CC1E /* Frameworks */ = {
			isa = PBXFrameworksBuildPhase;
			buildActionMask = 2147483647;
			files = (
			);
			runOnlyForDeploymentPostprocessing = 0;
		};
/* End PBXFrameworksBuildPhase section */

/* Begin PBXGroup section */
		847B285D23E17FBE00F334E8 /* Controller */ = {
			isa = PBXGroup;
			children = (
				847B286723E189A900F334E8 /* NoteViewController.swift */,
			);
			path = Controller;
			sourceTree = "<group>";
		};
		847B285E23E1801A00F334E8 /* Helpers */ = {
			isa = PBXGroup;
			children = (
				84BC01BE23E1BC1900ABA161 /* Protocols */,
				847B286423E184AE00F334E8 /* Generics */,
				847B286323E1822800F334E8 /* Extensions */,
				847B286023E1803900F334E8 /* View */,
				847B285F23E1803100F334E8 /* Controller */,
			);
			path = Helpers;
			sourceTree = "<group>";
		};
		847B285F23E1803100F334E8 /* Controller */ = {
			isa = PBXGroup;
			children = (
			);
			path = Controller;
			sourceTree = "<group>";
		};
		847B286023E1803900F334E8 /* View */ = {
			isa = PBXGroup;
			children = (
			);
			path = View;
			sourceTree = "<group>";
		};
		847B286323E1822800F334E8 /* Extensions */ = {
			isa = PBXGroup;
			children = (
				847B286523E1855900F334E8 /* UIColor hex.swift */,
				84BC01C123E1BC7400ABA161 /* ReusableView ext.swift */,
				84BC01C323E1BC9500ABA161 /* UICollectionView+ReusableView.swift */,
				84BC01C523E1BCE400ABA161 /* UITableView+ReusableView.swift */,
			);
			path = Extensions;
			sourceTree = "<group>";
		};
		847B286423E184AE00F334E8 /* Generics */ = {
			isa = PBXGroup;
			children = (
				847B286123E180F500F334E8 /* CustomViewController.swift */,
			);
			path = Generics;
			sourceTree = "<group>";
		};
		84A5513A23E02EF000E0CC1E = {
			isa = PBXGroup;
			children = (
				84A5514523E02EF000E0CC1E /* todo */,
				84A5515F23E02EF100E0CC1E /* todoTests */,
				84A5516A23E02EF100E0CC1E /* todoUITests */,
				84A5514423E02EF000E0CC1E /* Products */,
			);
			sourceTree = "<group>";
		};
		84A5514423E02EF000E0CC1E /* Products */ = {
			isa = PBXGroup;
			children = (
				84A5514323E02EF000E0CC1E /* todo.app */,
				84A5515C23E02EF100E0CC1E /* todoTests.xctest */,
				84A5516723E02EF100E0CC1E /* todoUITests.xctest */,
			);
			name = Products;
			sourceTree = "<group>";
		};
		84A5514523E02EF000E0CC1E /* todo */ = {
			isa = PBXGroup;
			children = (
				847B285E23E1801A00F334E8 /* Helpers */,
				84EB09AC23E06DF10016CC2B /* Supporting files */,
				84A5517923E035EE00E0CC1E /* Application */,
				84A5517C23E0467800E0CC1E /* Note */,
				84BC01BB23E1B9FA00ABA161 /* Notes table */,
				84A5515723E02EF100E0CC1E /* Info.plist */,
				84A5514F23E02EF000E0CC1E /* todo.xcdatamodeld */,
			);
			path = todo;
			sourceTree = "<group>";
		};
		84A5515F23E02EF100E0CC1E /* todoTests */ = {
			isa = PBXGroup;
			children = (
				84A5516023E02EF100E0CC1E /* todoTests.swift */,
				84A5516223E02EF100E0CC1E /* Info.plist */,
			);
			path = todoTests;
			sourceTree = "<group>";
		};
		84A5516A23E02EF100E0CC1E /* todoUITests */ = {
			isa = PBXGroup;
			children = (
				84A5516B23E02EF100E0CC1E /* todoUITests.swift */,
				84A5516D23E02EF100E0CC1E /* Info.plist */,
			);
			path = todoUITests;
			sourceTree = "<group>";
		};
		84A5517923E035EE00E0CC1E /* Application */ = {
			isa = PBXGroup;
			children = (
				84A5517B23E0360C00E0CC1E /* View */,
				84A5517A23E035FE00E0CC1E /* Controller */,
			);
			path = Application;
			sourceTree = "<group>";
		};
		84A5517A23E035FE00E0CC1E /* Controller */ = {
			isa = PBXGroup;
			children = (
				84A5514623E02EF000E0CC1E /* AppDelegate.swift */,
				84A5514823E02EF000E0CC1E /* SceneDelegate.swift */,
			);
			path = Controller;
			sourceTree = "<group>";
		};
		84A5517B23E0360C00E0CC1E /* View */ = {
			isa = PBXGroup;
			children = (
				84A5514C23E02EF000E0CC1E /* Main.storyboard */,
				84A5515423E02EF100E0CC1E /* LaunchScreen.storyboard */,
			);
			path = View;
			sourceTree = "<group>";
		};
		84A5517C23E0467800E0CC1E /* Note */ = {
			isa = PBXGroup;
			children = (
				84A5517D23E0468200E0CC1E /* View */,
				847B285D23E17FBE00F334E8 /* Controller */,
			);
			path = Note;
			sourceTree = "<group>";
		};
		84A5517D23E0468200E0CC1E /* View */ = {
			isa = PBXGroup;
			children = (
				84A5517E23E0473100E0CC1E /* NoteView.swift */,
				84A5518023E047DD00E0CC1E /* NoteTextView.swift */,
			);
			path = View;
			sourceTree = "<group>";
		};
		84BC01BB23E1B9FA00ABA161 /* Notes table */ = {
			isa = PBXGroup;
			children = (
				84BC01BD23E1BA1700ABA161 /* View */,
				84BC01BC23E1BA0D00ABA161 /* Controller */,
			);
			path = "Notes table";
			sourceTree = "<group>";
		};
		84BC01BC23E1BA0D00ABA161 /* Controller */ = {
			isa = PBXGroup;
			children = (
				84BC01C923E1CA0600ABA161 /* NotesTableController.swift */,
			);
			path = Controller;
			sourceTree = "<group>";
		};
		84BC01BD23E1BA1700ABA161 /* View */ = {
			isa = PBXGroup;
			children = (
				84BC01C723E1BF0600ABA161 /* NoteCell.swift */,
			);
			path = View;
			sourceTree = "<group>";
		};
		84BC01BE23E1BC1900ABA161 /* Protocols */ = {
			isa = PBXGroup;
			children = (
				84BC01BF23E1BC2D00ABA161 /* ReusableView.swift */,
			);
			path = Protocols;
			sourceTree = "<group>";
		};
		84EB09AC23E06DF10016CC2B /* Supporting files */ = {
			isa = PBXGroup;
			children = (
				84EB09AD23E06E430016CC2B /* Assets.xcassets */,
			);
			path = "Supporting files";
			sourceTree = "<group>";
		};
/* End PBXGroup section */

/* Begin PBXNativeTarget section */
		84A5514223E02EF000E0CC1E /* todo */ = {
			isa = PBXNativeTarget;
			buildConfigurationList = 84A5517023E02EF100E0CC1E /* Build configuration list for PBXNativeTarget "todo" */;
			buildPhases = (
				84A5513F23E02EF000E0CC1E /* Sources */,
				84A5514023E02EF000E0CC1E /* Frameworks */,
				84A5514123E02EF000E0CC1E /* Resources */,
			);
			buildRules = (
			);
			dependencies = (
			);
			name = todo;
			productName = todo;
			productReference = 84A5514323E02EF000E0CC1E /* todo.app */;
			productType = "com.apple.product-type.application";
		};
		84A5515B23E02EF100E0CC1E /* todoTests */ = {
			isa = PBXNativeTarget;
			buildConfigurationList = 84A5517323E02EF100E0CC1E /* Build configuration list for PBXNativeTarget "todoTests" */;
			buildPhases = (
				84A5515823E02EF100E0CC1E /* Sources */,
				84A5515923E02EF100E0CC1E /* Frameworks */,
				84A5515A23E02EF100E0CC1E /* Resources */,
			);
			buildRules = (
			);
			dependencies = (
				84A5515E23E02EF100E0CC1E /* PBXTargetDependency */,
			);
			name = todoTests;
			productName = todoTests;
			productReference = 84A5515C23E02EF100E0CC1E /* todoTests.xctest */;
			productType = "com.apple.product-type.bundle.unit-test";
		};
		84A5516623E02EF100E0CC1E /* todoUITests */ = {
			isa = PBXNativeTarget;
			buildConfigurationList = 84A5517623E02EF100E0CC1E /* Build configuration list for PBXNativeTarget "todoUITests" */;
			buildPhases = (
				84A5516323E02EF100E0CC1E /* Sources */,
				84A5516423E02EF100E0CC1E /* Frameworks */,
				84A5516523E02EF100E0CC1E /* Resources */,
			);
			buildRules = (
			);
			dependencies = (
				84A5516923E02EF100E0CC1E /* PBXTargetDependency */,
			);
			name = todoUITests;
			productName = todoUITests;
			productReference = 84A5516723E02EF100E0CC1E /* todoUITests.xctest */;
			productType = "com.apple.product-type.bundle.ui-testing";
		};
/* End PBXNativeTarget section */

/* Begin PBXProject section */
		84A5513B23E02EF000E0CC1E /* Project object */ = {
			isa = PBXProject;
			attributes = {
				LastSwiftUpdateCheck = 1130;
				LastUpgradeCheck = 1130;
				ORGANIZATIONNAME = "Anatoliy Odinetskiy";
				TargetAttributes = {
					84A5514223E02EF000E0CC1E = {
						CreatedOnToolsVersion = 11.3.1;
					};
					84A5515B23E02EF100E0CC1E = {
						CreatedOnToolsVersion = 11.3.1;
						TestTargetID = 84A5514223E02EF000E0CC1E;
					};
					84A5516623E02EF100E0CC1E = {
						CreatedOnToolsVersion = 11.3.1;
						TestTargetID = 84A5514223E02EF000E0CC1E;
					};
				};
			};
			buildConfigurationList = 84A5513E23E02EF000E0CC1E /* Build configuration list for PBXProject "todo" */;
			compatibilityVersion = "Xcode 9.3";
			developmentRegion = en;
			hasScannedForEncodings = 0;
			knownRegions = (
				en,
				Base,
			);
			mainGroup = 84A5513A23E02EF000E0CC1E;
			productRefGroup = 84A5514423E02EF000E0CC1E /* Products */;
			projectDirPath = "";
			projectRoot = "";
			targets = (
				84A5514223E02EF000E0CC1E /* todo */,
				84A5515B23E02EF100E0CC1E /* todoTests */,
				84A5516623E02EF100E0CC1E /* todoUITests */,
			);
		};
/* End PBXProject section */

/* Begin PBXResourcesBuildPhase section */
		84A5514123E02EF000E0CC1E /* Resources */ = {
			isa = PBXResourcesBuildPhase;
			buildActionMask = 2147483647;
			files = (
				84A5515623E02EF100E0CC1E /* LaunchScreen.storyboard in Resources */,
				84EB09AE23E06E430016CC2B /* Assets.xcassets in Resources */,
				84A5514E23E02EF000E0CC1E /* Main.storyboard in Resources */,
			);
			runOnlyForDeploymentPostprocessing = 0;
		};
		84A5515A23E02EF100E0CC1E /* Resources */ = {
			isa = PBXResourcesBuildPhase;
			buildActionMask = 2147483647;
			files = (
			);
			runOnlyForDeploymentPostprocessing = 0;
		};
		84A5516523E02EF100E0CC1E /* Resources */ = {
			isa = PBXResourcesBuildPhase;
			buildActionMask = 2147483647;
			files = (
			);
			runOnlyForDeploymentPostprocessing = 0;
		};
/* End PBXResourcesBuildPhase section */

/* Begin PBXSourcesBuildPhase section */
		84A5513F23E02EF000E0CC1E /* Sources */ = {
			isa = PBXSourcesBuildPhase;
			buildActionMask = 2147483647;
			files = (
				84BC01C023E1BC2D00ABA161 /* ReusableView.swift in Sources */,
				847B286223E180F500F334E8 /* CustomViewController.swift in Sources */,
				84A5518123E047DD00E0CC1E /* NoteTextView.swift in Sources */,
				84BC01C423E1BC9500ABA161 /* UICollectionView+ReusableView.swift in Sources */,
				84BC01C823E1BF0600ABA161 /* NoteCell.swift in Sources */,
				84BC01C223E1BC7400ABA161 /* ReusableView ext.swift in Sources */,
				84A5517F23E0473100E0CC1E /* NoteView.swift in Sources */,
				847B286823E189A900F334E8 /* NoteViewController.swift in Sources */,
				84BC01C623E1BCE400ABA161 /* UITableView+ReusableView.swift in Sources */,
				84A5514723E02EF000E0CC1E /* AppDelegate.swift in Sources */,
				847B286623E1855900F334E8 /* UIColor hex.swift in Sources */,
				84A5514923E02EF000E0CC1E /* SceneDelegate.swift in Sources */,
				84BC01CA23E1CA0600ABA161 /* NotesTableController.swift in Sources */,
				84A5515123E02EF000E0CC1E /* todo.xcdatamodeld in Sources */,
			);
			runOnlyForDeploymentPostprocessing = 0;
		};
		84A5515823E02EF100E0CC1E /* Sources */ = {
			isa = PBXSourcesBuildPhase;
			buildActionMask = 2147483647;
			files = (
				84A5516123E02EF100E0CC1E /* todoTests.swift in Sources */,
			);
			runOnlyForDeploymentPostprocessing = 0;
		};
		84A5516323E02EF100E0CC1E /* Sources */ = {
			isa = PBXSourcesBuildPhase;
			buildActionMask = 2147483647;
			files = (
				84A5516C23E02EF100E0CC1E /* todoUITests.swift in Sources */,
			);
			runOnlyForDeploymentPostprocessing = 0;
		};
/* End PBXSourcesBuildPhase section */

/* Begin PBXTargetDependency section */
		84A5515E23E02EF100E0CC1E /* PBXTargetDependency */ = {
			isa = PBXTargetDependency;
			target = 84A5514223E02EF000E0CC1E /* todo */;
			targetProxy = 84A5515D23E02EF100E0CC1E /* PBXContainerItemProxy */;
		};
		84A5516923E02EF100E0CC1E /* PBXTargetDependency */ = {
			isa = PBXTargetDependency;
			target = 84A5514223E02EF000E0CC1E /* todo */;
			targetProxy = 84A5516823E02EF100E0CC1E /* PBXContainerItemProxy */;
		};
/* End PBXTargetDependency section */

/* Begin PBXVariantGroup section */
		84A5514C23E02EF000E0CC1E /* Main.storyboard */ = {
			isa = PBXVariantGroup;
			children = (
				84A5514D23E02EF000E0CC1E /* Base */,
			);
			name = Main.storyboard;
			sourceTree = "<group>";
		};
		84A5515423E02EF100E0CC1E /* LaunchScreen.storyboard */ = {
			isa = PBXVariantGroup;
			children = (
				84A5515523E02EF100E0CC1E /* Base */,
			);
			name = LaunchScreen.storyboard;
			sourceTree = "<group>";
		};
/* End PBXVariantGroup section */

/* Begin XCBuildConfiguration section */
		84A5516E23E02EF100E0CC1E /* Debug */ = {
			isa = XCBuildConfiguration;
			buildSettings = {
				ALWAYS_SEARCH_USER_PATHS = NO;
				CLANG_ANALYZER_NONNULL = YES;
				CLANG_ANALYZER_NUMBER_OBJECT_CONVERSION = YES_AGGRESSIVE;
				CLANG_CXX_LANGUAGE_STANDARD = "gnu++14";
				CLANG_CXX_LIBRARY = "libc++";
				CLANG_ENABLE_MODULES = YES;
				CLANG_ENABLE_OBJC_ARC = YES;
				CLANG_ENABLE_OBJC_WEAK = YES;
				CLANG_WARN_BLOCK_CAPTURE_AUTORELEASING = YES;
				CLANG_WARN_BOOL_CONVERSION = YES;
				CLANG_WARN_COMMA = YES;
				CLANG_WARN_CONSTANT_CONVERSION = YES;
				CLANG_WARN_DEPRECATED_OBJC_IMPLEMENTATIONS = YES;
				CLANG_WARN_DIRECT_OBJC_ISA_USAGE = YES_ERROR;
				CLANG_WARN_DOCUMENTATION_COMMENTS = YES;
				CLANG_WARN_EMPTY_BODY = YES;
				CLANG_WARN_ENUM_CONVERSION = YES;
				CLANG_WARN_INFINITE_RECURSION = YES;
				CLANG_WARN_INT_CONVERSION = YES;
				CLANG_WARN_NON_LITERAL_NULL_CONVERSION = YES;
				CLANG_WARN_OBJC_IMPLICIT_RETAIN_SELF = YES;
				CLANG_WARN_OBJC_LITERAL_CONVERSION = YES;
				CLANG_WARN_OBJC_ROOT_CLASS = YES_ERROR;
				CLANG_WARN_RANGE_LOOP_ANALYSIS = YES;
				CLANG_WARN_STRICT_PROTOTYPES = YES;
				CLANG_WARN_SUSPICIOUS_MOVE = YES;
				CLANG_WARN_UNGUARDED_AVAILABILITY = YES_AGGRESSIVE;
				CLANG_WARN_UNREACHABLE_CODE = YES;
				CLANG_WARN__DUPLICATE_METHOD_MATCH = YES;
				COPY_PHASE_STRIP = NO;
				DEBUG_INFORMATION_FORMAT = dwarf;
				ENABLE_STRICT_OBJC_MSGSEND = YES;
				ENABLE_TESTABILITY = YES;
				GCC_C_LANGUAGE_STANDARD = gnu11;
				GCC_DYNAMIC_NO_PIC = NO;
				GCC_NO_COMMON_BLOCKS = YES;
				GCC_OPTIMIZATION_LEVEL = 0;
				GCC_PREPROCESSOR_DEFINITIONS = (
					"DEBUG=1",
					"$(inherited)",
				);
				GCC_WARN_64_TO_32_BIT_CONVERSION = YES;
				GCC_WARN_ABOUT_RETURN_TYPE = YES_ERROR;
				GCC_WARN_UNDECLARED_SELECTOR = YES;
				GCC_WARN_UNINITIALIZED_AUTOS = YES_AGGRESSIVE;
				GCC_WARN_UNUSED_FUNCTION = YES;
				GCC_WARN_UNUSED_VARIABLE = YES;
				IPHONEOS_DEPLOYMENT_TARGET = 13.2;
				MTL_ENABLE_DEBUG_INFO = INCLUDE_SOURCE;
				MTL_FAST_MATH = YES;
				ONLY_ACTIVE_ARCH = YES;
				SDKROOT = iphoneos;
				SWIFT_ACTIVE_COMPILATION_CONDITIONS = DEBUG;
				SWIFT_OPTIMIZATION_LEVEL = "-Onone";
			};
			name = Debug;
		};
		84A5516F23E02EF100E0CC1E /* Release */ = {
			isa = XCBuildConfiguration;
			buildSettings = {
				ALWAYS_SEARCH_USER_PATHS = NO;
				CLANG_ANALYZER_NONNULL = YES;
				CLANG_ANALYZER_NUMBER_OBJECT_CONVERSION = YES_AGGRESSIVE;
				CLANG_CXX_LANGUAGE_STANDARD = "gnu++14";
				CLANG_CXX_LIBRARY = "libc++";
				CLANG_ENABLE_MODULES = YES;
				CLANG_ENABLE_OBJC_ARC = YES;
				CLANG_ENABLE_OBJC_WEAK = YES;
				CLANG_WARN_BLOCK_CAPTURE_AUTORELEASING = YES;
				CLANG_WARN_BOOL_CONVERSION = YES;
				CLANG_WARN_COMMA = YES;
				CLANG_WARN_CONSTANT_CONVERSION = YES;
				CLANG_WARN_DEPRECATED_OBJC_IMPLEMENTATIONS = YES;
				CLANG_WARN_DIRECT_OBJC_ISA_USAGE = YES_ERROR;
				CLANG_WARN_DOCUMENTATION_COMMENTS = YES;
				CLANG_WARN_EMPTY_BODY = YES;
				CLANG_WARN_ENUM_CONVERSION = YES;
				CLANG_WARN_INFINITE_RECURSION = YES;
				CLANG_WARN_INT_CONVERSION = YES;
				CLANG_WARN_NON_LITERAL_NULL_CONVERSION = YES;
				CLANG_WARN_OBJC_IMPLICIT_RETAIN_SELF = YES;
				CLANG_WARN_OBJC_LITERAL_CONVERSION = YES;
				CLANG_WARN_OBJC_ROOT_CLASS = YES_ERROR;
				CLANG_WARN_RANGE_LOOP_ANALYSIS = YES;
				CLANG_WARN_STRICT_PROTOTYPES = YES;
				CLANG_WARN_SUSPICIOUS_MOVE = YES;
				CLANG_WARN_UNGUARDED_AVAILABILITY = YES_AGGRESSIVE;
				CLANG_WARN_UNREACHABLE_CODE = YES;
				CLANG_WARN__DUPLICATE_METHOD_MATCH = YES;
				COPY_PHASE_STRIP = NO;
				DEBUG_INFORMATION_FORMAT = "dwarf-with-dsym";
				ENABLE_NS_ASSERTIONS = NO;
				ENABLE_STRICT_OBJC_MSGSEND = YES;
				GCC_C_LANGUAGE_STANDARD = gnu11;
				GCC_NO_COMMON_BLOCKS = YES;
				GCC_WARN_64_TO_32_BIT_CONVERSION = YES;
				GCC_WARN_ABOUT_RETURN_TYPE = YES_ERROR;
				GCC_WARN_UNDECLARED_SELECTOR = YES;
				GCC_WARN_UNINITIALIZED_AUTOS = YES_AGGRESSIVE;
				GCC_WARN_UNUSED_FUNCTION = YES;
				GCC_WARN_UNUSED_VARIABLE = YES;
				IPHONEOS_DEPLOYMENT_TARGET = 13.2;
				MTL_ENABLE_DEBUG_INFO = NO;
				MTL_FAST_MATH = YES;
				SDKROOT = iphoneos;
				SWIFT_COMPILATION_MODE = wholemodule;
				SWIFT_OPTIMIZATION_LEVEL = "-O";
				VALIDATE_PRODUCT = YES;
			};
			name = Release;
		};
		84A5517123E02EF100E0CC1E /* Debug */ = {
			isa = XCBuildConfiguration;
			buildSettings = {
				ASSETCATALOG_COMPILER_APPICON_NAME = AppIcon;
				CODE_SIGN_STYLE = Automatic;
				DEVELOPMENT_TEAM = D97475642F;
				INFOPLIST_FILE = todo/Info.plist;
				IPHONEOS_DEPLOYMENT_TARGET = 12.0;
				LD_RUNPATH_SEARCH_PATHS = (
					"$(inherited)",
					"@executable_path/Frameworks",
				);
				PRODUCT_BUNDLE_IDENTIFIER = oaa92.todo;
				PRODUCT_NAME = "$(TARGET_NAME)";
				SWIFT_VERSION = 5.0;
				TARGETED_DEVICE_FAMILY = 1;
			};
			name = Debug;
		};
		84A5517223E02EF100E0CC1E /* Release */ = {
			isa = XCBuildConfiguration;
			buildSettings = {
				ASSETCATALOG_COMPILER_APPICON_NAME = AppIcon;
				CODE_SIGN_STYLE = Automatic;
				DEVELOPMENT_TEAM = D97475642F;
				INFOPLIST_FILE = todo/Info.plist;
				IPHONEOS_DEPLOYMENT_TARGET = 12.0;
				LD_RUNPATH_SEARCH_PATHS = (
					"$(inherited)",
					"@executable_path/Frameworks",
				);
				PRODUCT_BUNDLE_IDENTIFIER = oaa92.todo;
				PRODUCT_NAME = "$(TARGET_NAME)";
				SWIFT_VERSION = 5.0;
				TARGETED_DEVICE_FAMILY = 1;
			};
			name = Release;
		};
		84A5517423E02EF100E0CC1E /* Debug */ = {
			isa = XCBuildConfiguration;
			buildSettings = {
				ALWAYS_EMBED_SWIFT_STANDARD_LIBRARIES = YES;
				BUNDLE_LOADER = "$(TEST_HOST)";
				CODE_SIGN_STYLE = Automatic;
				DEVELOPMENT_TEAM = D97475642F;
				INFOPLIST_FILE = todoTests/Info.plist;
				IPHONEOS_DEPLOYMENT_TARGET = 13.2;
				LD_RUNPATH_SEARCH_PATHS = (
					"$(inherited)",
					"@executable_path/Frameworks",
					"@loader_path/Frameworks",
				);
				PRODUCT_BUNDLE_IDENTIFIER = oaa92.todoTests;
				PRODUCT_NAME = "$(TARGET_NAME)";
				SWIFT_VERSION = 5.0;
				TARGETED_DEVICE_FAMILY = "1,2";
				TEST_HOST = "$(BUILT_PRODUCTS_DIR)/todo.app/todo";
			};
			name = Debug;
		};
		84A5517523E02EF100E0CC1E /* Release */ = {
			isa = XCBuildConfiguration;
			buildSettings = {
				ALWAYS_EMBED_SWIFT_STANDARD_LIBRARIES = YES;
				BUNDLE_LOADER = "$(TEST_HOST)";
				CODE_SIGN_STYLE = Automatic;
				DEVELOPMENT_TEAM = D97475642F;
				INFOPLIST_FILE = todoTests/Info.plist;
				IPHONEOS_DEPLOYMENT_TARGET = 13.2;
				LD_RUNPATH_SEARCH_PATHS = (
					"$(inherited)",
					"@executable_path/Frameworks",
					"@loader_path/Frameworks",
				);
				PRODUCT_BUNDLE_IDENTIFIER = oaa92.todoTests;
				PRODUCT_NAME = "$(TARGET_NAME)";
				SWIFT_VERSION = 5.0;
				TARGETED_DEVICE_FAMILY = "1,2";
				TEST_HOST = "$(BUILT_PRODUCTS_DIR)/todo.app/todo";
			};
			name = Release;
		};
		84A5517723E02EF100E0CC1E /* Debug */ = {
			isa = XCBuildConfiguration;
			buildSettings = {
				ALWAYS_EMBED_SWIFT_STANDARD_LIBRARIES = YES;
				CODE_SIGN_STYLE = Automatic;
				DEVELOPMENT_TEAM = D97475642F;
				INFOPLIST_FILE = todoUITests/Info.plist;
				LD_RUNPATH_SEARCH_PATHS = (
					"$(inherited)",
					"@executable_path/Frameworks",
					"@loader_path/Frameworks",
				);
				PRODUCT_BUNDLE_IDENTIFIER = oaa92.todoUITests;
				PRODUCT_NAME = "$(TARGET_NAME)";
				SWIFT_VERSION = 5.0;
				TARGETED_DEVICE_FAMILY = "1,2";
				TEST_TARGET_NAME = todo;
			};
			name = Debug;
		};
		84A5517823E02EF100E0CC1E /* Release */ = {
			isa = XCBuildConfiguration;
			buildSettings = {
				ALWAYS_EMBED_SWIFT_STANDARD_LIBRARIES = YES;
				CODE_SIGN_STYLE = Automatic;
				DEVELOPMENT_TEAM = D97475642F;
				INFOPLIST_FILE = todoUITests/Info.plist;
				LD_RUNPATH_SEARCH_PATHS = (
					"$(inherited)",
					"@executable_path/Frameworks",
					"@loader_path/Frameworks",
				);
				PRODUCT_BUNDLE_IDENTIFIER = oaa92.todoUITests;
				PRODUCT_NAME = "$(TARGET_NAME)";
				SWIFT_VERSION = 5.0;
				TARGETED_DEVICE_FAMILY = "1,2";
				TEST_TARGET_NAME = todo;
			};
			name = Release;
		};
/* End XCBuildConfiguration section */

/* Begin XCConfigurationList section */
		84A5513E23E02EF000E0CC1E /* Build configuration list for PBXProject "todo" */ = {
			isa = XCConfigurationList;
			buildConfigurations = (
				84A5516E23E02EF100E0CC1E /* Debug */,
				84A5516F23E02EF100E0CC1E /* Release */,
			);
			defaultConfigurationIsVisible = 0;
			defaultConfigurationName = Release;
		};
		84A5517023E02EF100E0CC1E /* Build configuration list for PBXNativeTarget "todo" */ = {
			isa = XCConfigurationList;
			buildConfigurations = (
				84A5517123E02EF100E0CC1E /* Debug */,
				84A5517223E02EF100E0CC1E /* Release */,
			);
			defaultConfigurationIsVisible = 0;
			defaultConfigurationName = Release;
		};
		84A5517323E02EF100E0CC1E /* Build configuration list for PBXNativeTarget "todoTests" */ = {
			isa = XCConfigurationList;
			buildConfigurations = (
				84A5517423E02EF100E0CC1E /* Debug */,
				84A5517523E02EF100E0CC1E /* Release */,
			);
			defaultConfigurationIsVisible = 0;
			defaultConfigurationName = Release;
		};
		84A5517623E02EF100E0CC1E /* Build configuration list for PBXNativeTarget "todoUITests" */ = {
			isa = XCConfigurationList;
			buildConfigurations = (
				84A5517723E02EF100E0CC1E /* Debug */,
				84A5517823E02EF100E0CC1E /* Release */,
			);
			defaultConfigurationIsVisible = 0;
			defaultConfigurationName = Release;
		};
/* End XCConfigurationList section */

/* Begin XCVersionGroup section */
		84A5514F23E02EF000E0CC1E /* todo.xcdatamodeld */ = {
			isa = XCVersionGroup;
			children = (
				84A5515023E02EF000E0CC1E /* todo.xcdatamodel */,
			);
			currentVersion = 84A5515023E02EF000E0CC1E /* todo.xcdatamodel */;
			path = todo.xcdatamodeld;
			sourceTree = "<group>";
			versionGroupType = wrapper.xcdatamodel;
		};
/* End XCVersionGroup section */
	};
	rootObject = 84A5513B23E02EF000E0CC1E /* Project object */;
}
